// !$*UTF8*$!
{
	archiveVersion = 1;
	classes = {
	};
	objectVersion = 46;
	objects = {

/* Begin PBXBuildFile section */
		536BE854153E17F000750F54 /* QuartzCore.framework in Frameworks */ = {isa = PBXBuildFile; fileRef = 536BE853153E17F000750F54 /* QuartzCore.framework */; };
		D719864F155D78BB00349052 /* HowToPlay.md in Resources */ = {isa = PBXBuildFile; fileRef = D719864D155D78BB00349052 /* HowToPlay.md */; };
		D73965B2151FB10600118094 /* SBPieceTest.m in Sources */ = {isa = PBXBuildFile; fileRef = D73965B1151FB10600118094 /* SBPieceTest.m */; };
		D755A48B15320B53003BB704 /* GameKit.framework in Frameworks */ = {isa = PBXBuildFile; fileRef = D755A48A15320B53003BB704 /* GameKit.framework */; };
		D76A4566151DDC7500E59146 /* UIKit.framework in Frameworks */ = {isa = PBXBuildFile; fileRef = D76A4565151DDC7500E59146 /* UIKit.framework */; };
		D76A4568151DDC7500E59146 /* Foundation.framework in Frameworks */ = {isa = PBXBuildFile; fileRef = D76A4567151DDC7500E59146 /* Foundation.framework */; };
		D76A456A151DDC7500E59146 /* CoreGraphics.framework in Frameworks */ = {isa = PBXBuildFile; fileRef = D76A4569151DDC7500E59146 /* CoreGraphics.framework */; };
		D76A4570151DDC7500E59146 /* InfoPlist.strings in Resources */ = {isa = PBXBuildFile; fileRef = D76A456E151DDC7500E59146 /* InfoPlist.strings */; };
		D76A4572151DDC7500E59146 /* main.m in Sources */ = {isa = PBXBuildFile; fileRef = D76A4571151DDC7500E59146 /* main.m */; };
		D76A4576151DDC7500E59146 /* SBAppDelegate.m in Sources */ = {isa = PBXBuildFile; fileRef = D76A4575151DDC7500E59146 /* SBAppDelegate.m */; };
		D76A4579151DDC7500E59146 /* MainStoryboard_iPhone.storyboard in Resources */ = {isa = PBXBuildFile; fileRef = D76A4577151DDC7500E59146 /* MainStoryboard_iPhone.storyboard */; };
		D76A457C151DDC7500E59146 /* MainStoryboard_iPad.storyboard in Resources */ = {isa = PBXBuildFile; fileRef = D76A457A151DDC7500E59146 /* MainStoryboard_iPad.storyboard */; };
		D76A457F151DDC7500E59146 /* SBBoardViewController.m in Sources */ = {isa = PBXBuildFile; fileRef = D76A457E151DDC7500E59146 /* SBBoardViewController.m */; };
		D76A4587151DDC7500E59146 /* SenTestingKit.framework in Frameworks */ = {isa = PBXBuildFile; fileRef = D76A4586151DDC7500E59146 /* SenTestingKit.framework */; };
		D76A4588151DDC7500E59146 /* UIKit.framework in Frameworks */ = {isa = PBXBuildFile; fileRef = D76A4565151DDC7500E59146 /* UIKit.framework */; };
		D76A4589151DDC7500E59146 /* Foundation.framework in Frameworks */ = {isa = PBXBuildFile; fileRef = D76A4567151DDC7500E59146 /* Foundation.framework */; };
		D76A4591151DDC7500E59146 /* InfoPlist.strings in Resources */ = {isa = PBXBuildFile; fileRef = D76A458F151DDC7500E59146 /* InfoPlist.strings */; };
		D76A459F151DE13700E59146 /* SBMove.m in Sources */ = {isa = PBXBuildFile; fileRef = D76A459E151DE13700E59146 /* SBMove.m */; };
		D76A45A2151DE19300E59146 /* SBLocation.m in Sources */ = {isa = PBXBuildFile; fileRef = D76A45A1151DE19300E59146 /* SBLocation.m */; };
		D76A45A5151DE30600E59146 /* SBLocationTest.m in Sources */ = {isa = PBXBuildFile; fileRef = D76A45A4151DE30600E59146 /* SBLocationTest.m */; };
		D76A45A8151DE43300E59146 /* SBMoveTest.m in Sources */ = {isa = PBXBuildFile; fileRef = D76A45A7151DE43300E59146 /* SBMoveTest.m */; };
		D76A45B5151DFC4700E59146 /* SBCirclePiece.m in Sources */ = {isa = PBXBuildFile; fileRef = D76A45B4151DFC4700E59146 /* SBCirclePiece.m */; };
		D76A45B8151DFD0000E59146 /* SBDiamondPiece.m in Sources */ = {isa = PBXBuildFile; fileRef = D76A45B7151DFD0000E59146 /* SBDiamondPiece.m */; };
		D76A45BB151DFD0E00E59146 /* SBSquarePiece.m in Sources */ = {isa = PBXBuildFile; fileRef = D76A45BA151DFD0E00E59146 /* SBSquarePiece.m */; };
		D76A45BE151DFD1A00E59146 /* SBTrianglePiece.m in Sources */ = {isa = PBXBuildFile; fileRef = D76A45BD151DFD1A00E59146 /* SBTrianglePiece.m */; };
		D7BFA391151E48A000435C7F /* SBPiece.m in Sources */ = {isa = PBXBuildFile; fileRef = D7BFA390151E48A000435C7F /* SBPiece.m */; };
		D7BFA3AF151F108100435C7F /* SBState.m in Sources */ = {isa = PBXBuildFile; fileRef = D7BFA3AE151F108100435C7F /* SBState.m */; };
		D7BFA3B2151F2AD300435C7F /* SBStateTest.m in Sources */ = {isa = PBXBuildFile; fileRef = D7BFA3B1151F2AD300435C7F /* SBStateTest.m */; };
		D7BFA3B2151F2AD300435C81 /* SBDirection.m in Sources */ = {isa = PBXBuildFile; fileRef = D7BFA3B2151F2AD300435C80 /* SBDirection.m */; };
		D7BFA3B2151F2AD300435C84 /* SBDirectionTest.m in Sources */ = {isa = PBXBuildFile; fileRef = D7BFA3B2151F2AD300435C83 /* SBDirectionTest.m */; };
		D7BFA3B2151F2AD300435C89 /* SBMovePicker.m in Sources */ = {isa = PBXBuildFile; fileRef = D7BFA3B2151F2AD300435C88 /* SBMovePicker.m */; };
		D7BFA3B2151F2AD300435C8C /* SBMovePickerTest.m in Sources */ = {isa = PBXBuildFile; fileRef = D7BFA3B2151F2AD300435C8B /* SBMovePickerTest.m */; };
		D7BFA3B2151F2AD300435C93 /* SBBoardView.m in Sources */ = {isa = PBXBuildFile; fileRef = D7BFA3B2151F2AD300435C92 /* SBBoardView.m */; };
		D7BFA3B2151F2AD300435C95 /* chess-640x640.jpg in Resources */ = {isa = PBXBuildFile; fileRef = D7BFA3B2151F2AD300435C94 /* chess-640x640.jpg */; };
		D7FDA3A2156DAA4700E65C5E /* libz.dylib in Frameworks */ = {isa = PBXBuildFile; fileRef = D7FDA3A1156DAA4700E65C5E /* libz.dylib */; };
		D7FDA3A4156DAA8F00E65C5E /* libTestFlight.a in Frameworks */ = {isa = PBXBuildFile; fileRef = D7FDA3A3156DAA8F00E65C5E /* libTestFlight.a */; };
		FB89D43C154C7D27001A0B11 /* libOCMock.a in Frameworks */ = {isa = PBXBuildFile; fileRef = D7BFA3B2151F2AD300435C9D /* libOCMock.a */; };
		FB89D43C154C7D27001A0B15 /* SBAITurnBasedMatch.m in Sources */ = {isa = PBXBuildFile; fileRef = FB89D43C154C7D27001A0B14 /* SBAITurnBasedMatch.m */; };
		FB89D43C154C7D27001A0B18 /* SBAITurnBasedAdapter.m in Sources */ = {isa = PBXBuildFile; fileRef = FB89D43C154C7D27001A0B17 /* SBAITurnBasedAdapter.m */; };
		FB89D43C154C7D27001A0B1B /* SBAITurnBasedParticipant.m in Sources */ = {isa = PBXBuildFile; fileRef = FB89D43C154C7D27001A0B1A /* SBAITurnBasedParticipant.m */; };
		FB89D43C154C7D27001A0B1F /* SBGameKitTurnBasedMatch.m in Sources */ = {isa = PBXBuildFile; fileRef = FB89D43C154C7D27001A0B1E /* SBGameKitTurnBasedMatch.m */; };
		FB89D43C154C7D27001A0B22 /* SBGameKitTurnBasedAdapter.m in Sources */ = {isa = PBXBuildFile; fileRef = FB89D43C154C7D27001A0B21 /* SBGameKitTurnBasedAdapter.m */; };
		FB89D43C154C7D27001A0B28 /* SBGameKitTurnBasedParticipant.m in Sources */ = {isa = PBXBuildFile; fileRef = FB89D43C154C7D27001A0B27 /* SBGameKitTurnBasedParticipant.m */; };
		FB89D43C154C7D27001A0B2A /* SBAITurnBasedAdapterTest.m in Sources */ = {isa = PBXBuildFile; fileRef = FB89D43C154C7D27001A0B29 /* SBAITurnBasedAdapterTest.m */; };
		FB89D43C154C7D27001A0B2C /* SBAITurnBasedMatchTest.m in Sources */ = {isa = PBXBuildFile; fileRef = FB89D43C154C7D27001A0B2B /* SBAITurnBasedMatchTest.m */; };
		FB89D43C154C7D27001A0B2E /* SBAITurnBasedParticipantTest.m in Sources */ = {isa = PBXBuildFile; fileRef = FB89D43C154C7D27001A0B2D /* SBAITurnBasedParticipantTest.m */; };
		FB89D43C154C7D27001A0B30 /* SBGameKitTurnBasedMatchHelperTest.m in Sources */ = {isa = PBXBuildFile; fileRef = FB89D43C154C7D27001A0B2F /* SBGameKitTurnBasedMatchHelperTest.m */; };
		FB89D43C154C7D27001A0B32 /* SBGameKitTurnBasedMatchTest.m in Sources */ = {isa = PBXBuildFile; fileRef = FB89D43C154C7D27001A0B31 /* SBGameKitTurnBasedMatchTest.m */; };
		FB89D43C154C7D27001A0B34 /* SBGameKitTurnBasedParticipantTest.m in Sources */ = {isa = PBXBuildFile; fileRef = FB89D43C154C7D27001A0B33 /* SBGameKitTurnBasedParticipantTest.m */; };
		FB89D43C154C7D27001A0B38 /* GameKit.framework in Frameworks */ = {isa = PBXBuildFile; fileRef = D755A48A15320B53003BB704 /* GameKit.framework */; };
		FB89D43C154C7D27001A0B94 /* PhageRootViewController.m in Sources */ = {isa = PBXBuildFile; fileRef = FB89D43C154C7D27001A0B93 /* PhageRootViewController.m */; };
		FB89D43C154C7D27001A0B98 /* SBTurnBasedMatchHelper.m in Sources */ = {isa = PBXBuildFile; fileRef = FB89D43C154C7D27001A0B97 /* SBTurnBasedMatchHelper.m */; };
		FB89D43C154C7D27001A0B9A /* SBTurnBasedMatchHelperTest.m in Sources */ = {isa = PBXBuildFile; fileRef = FB89D43C154C7D27001A0B99 /* SBTurnBasedMatchHelperTest.m */; };
		FB89D43C154C7D27001A0B9C /* PhageModelHelper.m in Sources */ = {isa = PBXBuildFile; fileRef = FB89D43C154C7D27001A0B9B /* PhageModelHelper.m */; };
		FB89D43C154C7D27001A0B9F /* PhageModelHelperTest.m in Sources */ = {isa = PBXBuildFile; fileRef = FB89D43C154C7D27001A0B9E /* PhageModelHelperTest.m */; };
		FB89D43C154C7D27001A0BA2 /* SBPieceLayer.m in Sources */ = {isa = PBXBuildFile; fileRef = FB89D43C154C7D27001A0BA1 /* SBPieceLayer.m */; };
		FB89D43C154C7D27001A0BA5 /* SBMovesLeftLayer.m in Sources */ = {isa = PBXBuildFile; fileRef = FB89D43C154C7D27001A0BA4 /* SBMovesLeftLayer.m */; };
		FB89D43C154C7D27001A0BA8 /* SBCellLayer.m in Sources */ = {isa = PBXBuildFile; fileRef = FB89D43C154C7D27001A0BA7 /* SBCellLayer.m */; };
		FB89D43C154C7D27001A0BAD /* SBBoardViewReadonlyState.m in Sources */ = {isa = PBXBuildFile; };
		FB89D43C154C7D27001A0BB0 /* SBBoardViewSelectedDraggedState.m in Sources */ = {isa = PBXBuildFile; };
		FB89D43C154C7D27001A0BB4 /* SBBoardViewAbstractState.m in Sources */ = {isa = PBXBuildFile; };
		FB89D43C154C7D27001A0BB7 /* SBBoardViewUnselectedState.m in Sources */ = {isa = PBXBuildFile; };
		FB89D43C154C7D27001A0BBA /* SBBoardViewSelectedState.m in Sources */ = {isa = PBXBuildFile; };
		FB89D43C154C7D27001A0BBD /* SBBoardViewHintingState.m in Sources */ = {isa = PBXBuildFile; };
		FB89D43C154C7D27001A0BC0 /* SBAnimationHelper.m in Sources */ = {isa = PBXBuildFile; fileRef = FB89D43C154C7D27001A0BBF /* SBAnimationHelper.m */; };
		FB89D43C154C7D27001A0BC3 /* SBBoardViewHintingDraggedState.m in Sources */ = {isa = PBXBuildFile; };
		FB89D43C154C7D27001A0BC8 /* SBBoardViewConfirmingState.m in Sources */ = {isa = PBXBuildFile; };
		FB89D43C154C7D27001A0BCD /* SBBoardViewGameOverState.m in Sources */ = {isa = PBXBuildFile; };
		FB89D43C154C7D27001A0BD0 /* SBBoardViewControllerState.m in Sources */ = {isa = PBXBuildFile; fileRef = FB89D43C154C7D27001A0BCF /* SBBoardViewControllerState.m */; };
		FB89D43C154C7D27001A0BD3 /* SBBoardViewControllerReadonlyState.m in Sources */ = {isa = PBXBuildFile; fileRef = FB89D43C154C7D27001A0BD2 /* SBBoardViewControllerReadonlyState.m */; };
		FB89D43C154C7D27001A0BD6 /* SBBoardViewControllerUnselectedState.m in Sources */ = {isa = PBXBuildFile; fileRef = FB89D43C154C7D27001A0BD5 /* SBBoardViewControllerUnselectedState.m */; };
		FB89D43C154C7D27001A0BD9 /* SBBoardViewControllerSelectedState.m in Sources */ = {isa = PBXBuildFile; fileRef = FB89D43C154C7D27001A0BD8 /* SBBoardViewControllerSelectedState.m */; };
		FB89D43C154C7D27001A0BDC /* SBBoardViewControllerConfirmState.m in Sources */ = {isa = PBXBuildFile; fileRef = FB89D43C154C7D27001A0BDB /* SBBoardViewControllerConfirmState.m */; };
		FB89D43C154C7D27001A0BDF /* SBBoardViewControllerGameOverState.m in Sources */ = {isa = PBXBuildFile; fileRef = FB89D43C154C7D27001A0BDE /* SBBoardViewControllerGameOverState.m */; };
		FB89D43C154C7D27001A0BE2 /* SBBoardViewControllerHintState.m in Sources */ = {isa = PBXBuildFile; fileRef = FB89D43C154C7D27001A0BE1 /* SBBoardViewControllerHintState.m */; };
		FB89D43C154C7D27001A0BE5 /* SBBoardViewControllerDraggedState.m in Sources */ = {isa = PBXBuildFile; fileRef = FB89D43C154C7D27001A0BE4 /* SBBoardViewControllerDraggedState.m */; };
/* End PBXBuildFile section */

/* Begin PBXBuildRule section */
		D7198649155D726500349052 /* PBXBuildRule */ = {
			isa = PBXBuildRule;
			compilerSpec = com.apple.compilers.proxy.script;
			filePatterns = "*.md";
			fileType = pattern.proxy;
			isEditable = 1;
			outputFiles = (
				"$(DERIVED_FILES_DIR)/$(LOCALIZED_RESOURCES_FOLDER_PATH)/$(INPUT_FILE_BASE).html",
			);
			script = "$SRCROOT/Scripts/Markdown \"$INPUT_FILE_PATH\" \"$DERIVED_FILES_DIR/$LOCALIZED_RESOURCES_FOLDER_PATH/\" $INPUT_FILE_BASE.html";
		};
/* End PBXBuildRule section */

/* Begin PBXContainerItemProxy section */
		D76A458A151DDC7500E59146 /* PBXContainerItemProxy */ = {
			isa = PBXContainerItemProxy;
			containerPortal = D76A4558151DDC7500E59146 /* Project object */;
			proxyType = 1;
			remoteGlobalIDString = D76A4560151DDC7500E59146;
			remoteInfo = Phage;
		};
		D7BFA3B2151F2AD300435C98 /* PBXContainerItemProxy */ = {
			isa = PBXContainerItemProxy;
			containerPortal = D7BFA3B2151F2AD300435C96 /* OCMock.xcodeproj */;
			proxyType = 2;
			remoteGlobalIDString = C261C41900CBF58881DC6AAB;
			remoteInfo = OCMock;
		};
		D7BFA3B2151F2AD300435C9A /* PBXContainerItemProxy */ = {
			isa = PBXContainerItemProxy;
			containerPortal = D7BFA3B2151F2AD300435C96 /* OCMock.xcodeproj */;
			proxyType = 2;
			remoteGlobalIDString = 4E394F653F74C21AE92D3AED;
			remoteInfo = OCMockTests;
		};
		D7BFA3B2151F2AD300435C9C /* PBXContainerItemProxy */ = {
			isa = PBXContainerItemProxy;
			containerPortal = D7BFA3B2151F2AD300435C96 /* OCMock.xcodeproj */;
			proxyType = 2;
			remoteGlobalIDString = 703B41BCFDCDF5DBF0D09A25;
			remoteInfo = OCMockLib;
		};
		FB89D43A154C7D1F001A0B11 /* PBXContainerItemProxy */ = {
			isa = PBXContainerItemProxy;
			containerPortal = D7BFA3B2151F2AD300435C96 /* OCMock.xcodeproj */;
			proxyType = 1;
			remoteGlobalIDString = 030EF0DB14632FF700B04273;
			remoteInfo = OCMockLib;
		};
/* End PBXContainerItemProxy section */

/* Begin PBXFileReference section */
		536BE853153E17F000750F54 /* QuartzCore.framework */ = {isa = PBXFileReference; lastKnownFileType = wrapper.framework; name = QuartzCore.framework; path = System/Library/Frameworks/QuartzCore.framework; sourceTree = SDKROOT; };
		D719864E155D78BB00349052 /* HowToPlay.md */ = {isa = PBXFileReference; lastKnownFileType = text; name = HowToPlay.md; path = en.lproj/HowToPlay.md; sourceTree = "<group>"; };
		D73965B1151FB10600118094 /* SBPieceTest.m */ = {isa = PBXFileReference; fileEncoding = 4; lastKnownFileType = sourcecode.c.objc; path = SBPieceTest.m; sourceTree = "<group>"; };
		D755A48A15320B53003BB704 /* GameKit.framework */ = {isa = PBXFileReference; lastKnownFileType = wrapper.framework; name = GameKit.framework; path = System/Library/Frameworks/GameKit.framework; sourceTree = SDKROOT; };
		D76A4561151DDC7500E59146 /* Phage.app */ = {isa = PBXFileReference; explicitFileType = wrapper.application; includeInIndex = 0; path = Phage.app; sourceTree = BUILT_PRODUCTS_DIR; };
		D76A4565151DDC7500E59146 /* UIKit.framework */ = {isa = PBXFileReference; lastKnownFileType = wrapper.framework; name = UIKit.framework; path = System/Library/Frameworks/UIKit.framework; sourceTree = SDKROOT; };
		D76A4567151DDC7500E59146 /* Foundation.framework */ = {isa = PBXFileReference; lastKnownFileType = wrapper.framework; name = Foundation.framework; path = System/Library/Frameworks/Foundation.framework; sourceTree = SDKROOT; };
		D76A4569151DDC7500E59146 /* CoreGraphics.framework */ = {isa = PBXFileReference; lastKnownFileType = wrapper.framework; name = CoreGraphics.framework; path = System/Library/Frameworks/CoreGraphics.framework; sourceTree = SDKROOT; };
		D76A456D151DDC7500E59146 /* Phage-Info.plist */ = {isa = PBXFileReference; lastKnownFileType = text.plist.xml; path = "Phage-Info.plist"; sourceTree = "<group>"; };
		D76A456F151DDC7500E59146 /* en */ = {isa = PBXFileReference; lastKnownFileType = text.plist.strings; name = en; path = en.lproj/InfoPlist.strings; sourceTree = "<group>"; };
		D76A4571151DDC7500E59146 /* main.m */ = {isa = PBXFileReference; lastKnownFileType = sourcecode.c.objc; path = main.m; sourceTree = "<group>"; };
		D76A4573151DDC7500E59146 /* Phage-Prefix.pch */ = {isa = PBXFileReference; lastKnownFileType = sourcecode.c.h; path = "Phage-Prefix.pch"; sourceTree = "<group>"; };
		D76A4574151DDC7500E59146 /* SBAppDelegate.h */ = {isa = PBXFileReference; lastKnownFileType = sourcecode.c.h; path = SBAppDelegate.h; sourceTree = "<group>"; };
		D76A4575151DDC7500E59146 /* SBAppDelegate.m */ = {isa = PBXFileReference; lastKnownFileType = sourcecode.c.objc; path = SBAppDelegate.m; sourceTree = "<group>"; };
		D76A4578151DDC7500E59146 /* en */ = {isa = PBXFileReference; lastKnownFileType = file.storyboard; name = en; path = en.lproj/MainStoryboard_iPhone.storyboard; sourceTree = "<group>"; };
		D76A457B151DDC7500E59146 /* en */ = {isa = PBXFileReference; lastKnownFileType = file.storyboard; name = en; path = en.lproj/MainStoryboard_iPad.storyboard; sourceTree = "<group>"; };
		D76A457D151DDC7500E59146 /* SBBoardViewController.h */ = {isa = PBXFileReference; lastKnownFileType = sourcecode.c.h; path = SBBoardViewController.h; sourceTree = "<group>"; };
		D76A457E151DDC7500E59146 /* SBBoardViewController.m */ = {isa = PBXFileReference; lastKnownFileType = sourcecode.c.objc; path = SBBoardViewController.m; sourceTree = "<group>"; };
		D76A4585151DDC7500E59146 /* PhageTests.octest */ = {isa = PBXFileReference; explicitFileType = wrapper.cfbundle; includeInIndex = 0; path = PhageTests.octest; sourceTree = BUILT_PRODUCTS_DIR; };
		D76A4586151DDC7500E59146 /* SenTestingKit.framework */ = {isa = PBXFileReference; lastKnownFileType = wrapper.framework; name = SenTestingKit.framework; path = Library/Frameworks/SenTestingKit.framework; sourceTree = DEVELOPER_DIR; };
		D76A458E151DDC7500E59146 /* PhageTests-Info.plist */ = {isa = PBXFileReference; lastKnownFileType = text.plist.xml; path = "PhageTests-Info.plist"; sourceTree = "<group>"; };
		D76A4590151DDC7500E59146 /* en */ = {isa = PBXFileReference; lastKnownFileType = text.plist.strings; name = en; path = en.lproj/InfoPlist.strings; sourceTree = "<group>"; };
		D76A459D151DE13700E59146 /* SBMove.h */ = {isa = PBXFileReference; fileEncoding = 4; lastKnownFileType = sourcecode.c.h; path = SBMove.h; sourceTree = "<group>"; };
		D76A459E151DE13700E59146 /* SBMove.m */ = {isa = PBXFileReference; fileEncoding = 4; lastKnownFileType = sourcecode.c.objc; path = SBMove.m; sourceTree = "<group>"; };
		D76A45A0151DE19300E59146 /* SBLocation.h */ = {isa = PBXFileReference; fileEncoding = 4; lastKnownFileType = sourcecode.c.h; path = SBLocation.h; sourceTree = "<group>"; };
		D76A45A1151DE19300E59146 /* SBLocation.m */ = {isa = PBXFileReference; fileEncoding = 4; lastKnownFileType = sourcecode.c.objc; path = SBLocation.m; sourceTree = "<group>"; };
		D76A45A4151DE30600E59146 /* SBLocationTest.m */ = {isa = PBXFileReference; fileEncoding = 4; lastKnownFileType = sourcecode.c.objc; path = SBLocationTest.m; sourceTree = "<group>"; };
		D76A45A7151DE43300E59146 /* SBMoveTest.m */ = {isa = PBXFileReference; fileEncoding = 4; lastKnownFileType = sourcecode.c.objc; path = SBMoveTest.m; sourceTree = "<group>"; };
		D76A45B2151DFC2B00E59146 /* SBPiece.h */ = {isa = PBXFileReference; fileEncoding = 4; lastKnownFileType = sourcecode.c.h; path = SBPiece.h; sourceTree = "<group>"; };
		D76A45B3151DFC4700E59146 /* SBCirclePiece.h */ = {isa = PBXFileReference; fileEncoding = 4; lastKnownFileType = sourcecode.c.h; path = SBCirclePiece.h; sourceTree = "<group>"; };
		D76A45B4151DFC4700E59146 /* SBCirclePiece.m */ = {isa = PBXFileReference; fileEncoding = 4; lastKnownFileType = sourcecode.c.objc; path = SBCirclePiece.m; sourceTree = "<group>"; };
		D76A45B6151DFD0000E59146 /* SBDiamondPiece.h */ = {isa = PBXFileReference; fileEncoding = 4; lastKnownFileType = sourcecode.c.h; path = SBDiamondPiece.h; sourceTree = "<group>"; };
		D76A45B7151DFD0000E59146 /* SBDiamondPiece.m */ = {isa = PBXFileReference; fileEncoding = 4; lastKnownFileType = sourcecode.c.objc; path = SBDiamondPiece.m; sourceTree = "<group>"; };
		D76A45B9151DFD0E00E59146 /* SBSquarePiece.h */ = {isa = PBXFileReference; fileEncoding = 4; lastKnownFileType = sourcecode.c.h; path = SBSquarePiece.h; sourceTree = "<group>"; };
		D76A45BA151DFD0E00E59146 /* SBSquarePiece.m */ = {isa = PBXFileReference; fileEncoding = 4; lastKnownFileType = sourcecode.c.objc; path = SBSquarePiece.m; sourceTree = "<group>"; };
		D76A45BC151DFD1A00E59146 /* SBTrianglePiece.h */ = {isa = PBXFileReference; fileEncoding = 4; lastKnownFileType = sourcecode.c.h; path = SBTrianglePiece.h; sourceTree = "<group>"; };
		D76A45BD151DFD1A00E59146 /* SBTrianglePiece.m */ = {isa = PBXFileReference; fileEncoding = 4; lastKnownFileType = sourcecode.c.objc; path = SBTrianglePiece.m; sourceTree = "<group>"; };
		D7BFA390151E48A000435C7F /* SBPiece.m */ = {isa = PBXFileReference; fileEncoding = 4; lastKnownFileType = sourcecode.c.objc; path = SBPiece.m; sourceTree = "<group>"; };
		D7BFA3AD151F108100435C7F /* SBState.h */ = {isa = PBXFileReference; fileEncoding = 4; lastKnownFileType = sourcecode.c.h; path = SBState.h; sourceTree = "<group>"; };
		D7BFA3AE151F108100435C7F /* SBState.m */ = {isa = PBXFileReference; fileEncoding = 4; lastKnownFileType = sourcecode.c.objc; path = SBState.m; sourceTree = "<group>"; };
		D7BFA3B1151F2AD300435C7F /* SBStateTest.m */ = {isa = PBXFileReference; fileEncoding = 4; lastKnownFileType = sourcecode.c.objc; path = SBStateTest.m; sourceTree = "<group>"; };
		D7BFA3B2151F2AD300435C80 /* SBDirection.m */ = {isa = PBXFileReference; fileEncoding = 4; lastKnownFileType = sourcecode.c.objc; path = SBDirection.m; sourceTree = "<group>"; };
		D7BFA3B2151F2AD300435C82 /* SBDirection.h */ = {isa = PBXFileReference; fileEncoding = 4; lastKnownFileType = sourcecode.c.h; path = SBDirection.h; sourceTree = "<group>"; };
		D7BFA3B2151F2AD300435C83 /* SBDirectionTest.m */ = {isa = PBXFileReference; fileEncoding = 4; lastKnownFileType = sourcecode.c.objc; path = SBDirectionTest.m; sourceTree = "<group>"; };
		D7BFA3B2151F2AD300435C88 /* SBMovePicker.m */ = {isa = PBXFileReference; fileEncoding = 4; lastKnownFileType = sourcecode.c.objc; path = SBMovePicker.m; sourceTree = "<group>"; };
		D7BFA3B2151F2AD300435C8A /* SBMovePicker.h */ = {isa = PBXFileReference; fileEncoding = 4; lastKnownFileType = sourcecode.c.h; path = SBMovePicker.h; sourceTree = "<group>"; };
		D7BFA3B2151F2AD300435C8B /* SBMovePickerTest.m */ = {isa = PBXFileReference; fileEncoding = 4; lastKnownFileType = sourcecode.c.objc; path = SBMovePickerTest.m; sourceTree = "<group>"; };
		D7BFA3B2151F2AD300435C91 /* SBBoardView.h */ = {isa = PBXFileReference; fileEncoding = 4; lastKnownFileType = sourcecode.c.h; path = SBBoardView.h; sourceTree = "<group>"; };
		D7BFA3B2151F2AD300435C92 /* SBBoardView.m */ = {isa = PBXFileReference; fileEncoding = 4; lastKnownFileType = sourcecode.c.objc; path = SBBoardView.m; sourceTree = "<group>"; };
		D7BFA3B2151F2AD300435C94 /* chess-640x640.jpg */ = {isa = PBXFileReference; lastKnownFileType = image.jpeg; path = "chess-640x640.jpg"; sourceTree = "<group>"; };
		D7BFA3B2151F2AD300435C96 /* OCMock.xcodeproj */ = {isa = PBXFileReference; lastKnownFileType = "wrapper.pb-project"; name = OCMock.xcodeproj; path = libs/ocmock/Source/OCMock.xcodeproj; sourceTree = "<group>"; };
		D7FDA3A1156DAA4700E65C5E /* libz.dylib */ = {isa = PBXFileReference; lastKnownFileType = "compiled.mach-o.dylib"; name = libz.dylib; path = usr/lib/libz.dylib; sourceTree = SDKROOT; };
		D7FDA3A3156DAA8F00E65C5E /* libTestFlight.a */ = {isa = PBXFileReference; lastKnownFileType = archive.ar; name = libTestFlight.a; path = libs/TestFlight/libTestFlight.a; sourceTree = "<group>"; };
		FB89D43C154C7D27001A0B13 /* SBAITurnBasedMatch.h */ = {isa = PBXFileReference; fileEncoding = 4; lastKnownFileType = sourcecode.c.h; path = SBAITurnBasedMatch.h; sourceTree = "<group>"; };
		FB89D43C154C7D27001A0B14 /* SBAITurnBasedMatch.m */ = {isa = PBXFileReference; fileEncoding = 4; lastKnownFileType = sourcecode.c.objc; path = SBAITurnBasedMatch.m; sourceTree = "<group>"; };
		FB89D43C154C7D27001A0B16 /* SBAITurnBasedAdapter.h */ = {isa = PBXFileReference; fileEncoding = 4; lastKnownFileType = sourcecode.c.h; path = SBAITurnBasedAdapter.h; sourceTree = "<group>"; };
		FB89D43C154C7D27001A0B17 /* SBAITurnBasedAdapter.m */ = {isa = PBXFileReference; fileEncoding = 4; lastKnownFileType = sourcecode.c.objc; path = SBAITurnBasedAdapter.m; sourceTree = "<group>"; };
		FB89D43C154C7D27001A0B19 /* SBAITurnBasedParticipant.h */ = {isa = PBXFileReference; fileEncoding = 4; lastKnownFileType = sourcecode.c.h; path = SBAITurnBasedParticipant.h; sourceTree = "<group>"; };
		FB89D43C154C7D27001A0B1A /* SBAITurnBasedParticipant.m */ = {isa = PBXFileReference; fileEncoding = 4; lastKnownFileType = sourcecode.c.objc; path = SBAITurnBasedParticipant.m; sourceTree = "<group>"; };
		FB89D43C154C7D27001A0B1D /* SBGameKitTurnBasedMatch.h */ = {isa = PBXFileReference; fileEncoding = 4; lastKnownFileType = sourcecode.c.h; path = SBGameKitTurnBasedMatch.h; sourceTree = "<group>"; };
		FB89D43C154C7D27001A0B1E /* SBGameKitTurnBasedMatch.m */ = {isa = PBXFileReference; fileEncoding = 4; lastKnownFileType = sourcecode.c.objc; path = SBGameKitTurnBasedMatch.m; sourceTree = "<group>"; };
		FB89D43C154C7D27001A0B20 /* SBGameKitTurnBasedAdapter.h */ = {isa = PBXFileReference; fileEncoding = 4; lastKnownFileType = sourcecode.c.h; path = SBGameKitTurnBasedAdapter.h; sourceTree = "<group>"; };
		FB89D43C154C7D27001A0B21 /* SBGameKitTurnBasedAdapter.m */ = {isa = PBXFileReference; fileEncoding = 4; lastKnownFileType = sourcecode.c.objc; path = SBGameKitTurnBasedAdapter.m; sourceTree = "<group>"; };
		FB89D43C154C7D27001A0B26 /* SBGameKitTurnBasedParticipant.h */ = {isa = PBXFileReference; fileEncoding = 4; lastKnownFileType = sourcecode.c.h; path = SBGameKitTurnBasedParticipant.h; sourceTree = "<group>"; };
		FB89D43C154C7D27001A0B27 /* SBGameKitTurnBasedParticipant.m */ = {isa = PBXFileReference; fileEncoding = 4; lastKnownFileType = sourcecode.c.objc; path = SBGameKitTurnBasedParticipant.m; sourceTree = "<group>"; };
		FB89D43C154C7D27001A0B29 /* SBAITurnBasedAdapterTest.m */ = {isa = PBXFileReference; fileEncoding = 4; lastKnownFileType = sourcecode.c.objc; path = SBAITurnBasedAdapterTest.m; sourceTree = "<group>"; };
		FB89D43C154C7D27001A0B2B /* SBAITurnBasedMatchTest.m */ = {isa = PBXFileReference; fileEncoding = 4; lastKnownFileType = sourcecode.c.objc; path = SBAITurnBasedMatchTest.m; sourceTree = "<group>"; };
		FB89D43C154C7D27001A0B2D /* SBAITurnBasedParticipantTest.m */ = {isa = PBXFileReference; fileEncoding = 4; lastKnownFileType = sourcecode.c.objc; path = SBAITurnBasedParticipantTest.m; sourceTree = "<group>"; };
		FB89D43C154C7D27001A0B2F /* SBGameKitTurnBasedMatchHelperTest.m */ = {isa = PBXFileReference; fileEncoding = 4; lastKnownFileType = sourcecode.c.objc; path = SBGameKitTurnBasedMatchHelperTest.m; sourceTree = "<group>"; };
		FB89D43C154C7D27001A0B31 /* SBGameKitTurnBasedMatchTest.m */ = {isa = PBXFileReference; fileEncoding = 4; lastKnownFileType = sourcecode.c.objc; path = SBGameKitTurnBasedMatchTest.m; sourceTree = "<group>"; };
		FB89D43C154C7D27001A0B33 /* SBGameKitTurnBasedParticipantTest.m */ = {isa = PBXFileReference; fileEncoding = 4; lastKnownFileType = sourcecode.c.objc; path = SBGameKitTurnBasedParticipantTest.m; sourceTree = "<group>"; };
		FB89D43C154C7D27001A0B35 /* SBTurnBasedMatch.h */ = {isa = PBXFileReference; fileEncoding = 4; lastKnownFileType = sourcecode.c.h; path = SBTurnBasedMatch.h; sourceTree = "<group>"; };
		FB89D43C154C7D27001A0B36 /* SBTurnBasedMatchHelper.h */ = {isa = PBXFileReference; fileEncoding = 4; lastKnownFileType = sourcecode.c.h; path = SBTurnBasedMatchHelper.h; sourceTree = "<group>"; };
		FB89D43C154C7D27001A0B37 /* SBTurnBasedParticipant.h */ = {isa = PBXFileReference; fileEncoding = 4; lastKnownFileType = sourcecode.c.h; path = SBTurnBasedParticipant.h; sourceTree = "<group>"; };
		FB89D43C154C7D27001A0B93 /* PhageRootViewController.m */ = {isa = PBXFileReference; fileEncoding = 4; lastKnownFileType = sourcecode.c.objc; path = PhageRootViewController.m; sourceTree = "<group>"; };
		FB89D43C154C7D27001A0B95 /* PhageRootViewController.h */ = {isa = PBXFileReference; fileEncoding = 4; lastKnownFileType = sourcecode.c.h; path = PhageRootViewController.h; sourceTree = "<group>"; };
		FB89D43C154C7D27001A0B97 /* SBTurnBasedMatchHelper.m */ = {isa = PBXFileReference; fileEncoding = 4; lastKnownFileType = sourcecode.c.objc; path = SBTurnBasedMatchHelper.m; sourceTree = "<group>"; };
		FB89D43C154C7D27001A0B99 /* SBTurnBasedMatchHelperTest.m */ = {isa = PBXFileReference; fileEncoding = 4; lastKnownFileType = sourcecode.c.objc; path = SBTurnBasedMatchHelperTest.m; sourceTree = "<group>"; };
		FB89D43C154C7D27001A0B9B /* PhageModelHelper.m */ = {isa = PBXFileReference; fileEncoding = 4; lastKnownFileType = sourcecode.c.objc; path = PhageModelHelper.m; sourceTree = "<group>"; };
		FB89D43C154C7D27001A0B9D /* PhageModelHelper.h */ = {isa = PBXFileReference; fileEncoding = 4; lastKnownFileType = sourcecode.c.h; path = PhageModelHelper.h; sourceTree = "<group>"; };
		FB89D43C154C7D27001A0B9E /* PhageModelHelperTest.m */ = {isa = PBXFileReference; fileEncoding = 4; lastKnownFileType = sourcecode.c.objc; path = PhageModelHelperTest.m; sourceTree = "<group>"; };
		FB89D43C154C7D27001A0BA1 /* SBPieceLayer.m */ = {isa = PBXFileReference; fileEncoding = 4; lastKnownFileType = sourcecode.c.objc; path = SBPieceLayer.m; sourceTree = "<group>"; };
		FB89D43C154C7D27001A0BA3 /* SBPieceLayer.h */ = {isa = PBXFileReference; fileEncoding = 4; lastKnownFileType = sourcecode.c.h; path = SBPieceLayer.h; sourceTree = "<group>"; };
		FB89D43C154C7D27001A0BA4 /* SBMovesLeftLayer.m */ = {isa = PBXFileReference; fileEncoding = 4; lastKnownFileType = sourcecode.c.objc; path = SBMovesLeftLayer.m; sourceTree = "<group>"; };
		FB89D43C154C7D27001A0BA6 /* SBMovesLeftLayer.h */ = {isa = PBXFileReference; fileEncoding = 4; lastKnownFileType = sourcecode.c.h; path = SBMovesLeftLayer.h; sourceTree = "<group>"; };
		FB89D43C154C7D27001A0BA7 /* SBCellLayer.m */ = {isa = PBXFileReference; fileEncoding = 4; lastKnownFileType = sourcecode.c.objc; path = SBCellLayer.m; sourceTree = "<group>"; };
		FB89D43C154C7D27001A0BA9 /* SBCellLayer.h */ = {isa = PBXFileReference; fileEncoding = 4; lastKnownFileType = sourcecode.c.h; path = SBCellLayer.h; sourceTree = "<group>"; };
		FB89D43C154C7D27001A0BBF /* SBAnimationHelper.m */ = {isa = PBXFileReference; fileEncoding = 4; lastKnownFileType = sourcecode.c.objc; path = SBAnimationHelper.m; sourceTree = "<group>"; };
		FB89D43C154C7D27001A0BC1 /* SBAnimationHelper.h */ = {isa = PBXFileReference; fileEncoding = 4; lastKnownFileType = sourcecode.c.h; path = SBAnimationHelper.h; sourceTree = "<group>"; };
		FB89D43C154C7D27001A0BCF /* SBBoardViewControllerState.m */ = {isa = PBXFileReference; fileEncoding = 4; lastKnownFileType = sourcecode.c.objc; path = SBBoardViewControllerState.m; sourceTree = "<group>"; };
		FB89D43C154C7D27001A0BD1 /* SBBoardViewControllerState.h */ = {isa = PBXFileReference; fileEncoding = 4; lastKnownFileType = sourcecode.c.h; path = SBBoardViewControllerState.h; sourceTree = "<group>"; };
		FB89D43C154C7D27001A0BD2 /* SBBoardViewControllerReadonlyState.m */ = {isa = PBXFileReference; fileEncoding = 4; lastKnownFileType = sourcecode.c.objc; path = SBBoardViewControllerReadonlyState.m; sourceTree = "<group>"; };
		FB89D43C154C7D27001A0BD4 /* SBBoardViewControllerReadonlyState.h */ = {isa = PBXFileReference; fileEncoding = 4; lastKnownFileType = sourcecode.c.h; path = SBBoardViewControllerReadonlyState.h; sourceTree = "<group>"; };
		FB89D43C154C7D27001A0BD5 /* SBBoardViewControllerUnselectedState.m */ = {isa = PBXFileReference; fileEncoding = 4; lastKnownFileType = sourcecode.c.objc; path = SBBoardViewControllerUnselectedState.m; sourceTree = "<group>"; };
		FB89D43C154C7D27001A0BD7 /* SBBoardViewControllerUnselectedState.h */ = {isa = PBXFileReference; fileEncoding = 4; lastKnownFileType = sourcecode.c.h; path = SBBoardViewControllerUnselectedState.h; sourceTree = "<group>"; };
		FB89D43C154C7D27001A0BD8 /* SBBoardViewControllerSelectedState.m */ = {isa = PBXFileReference; fileEncoding = 4; lastKnownFileType = sourcecode.c.objc; path = SBBoardViewControllerSelectedState.m; sourceTree = "<group>"; };
		FB89D43C154C7D27001A0BDA /* SBBoardViewControllerSelectedState.h */ = {isa = PBXFileReference; fileEncoding = 4; lastKnownFileType = sourcecode.c.h; path = SBBoardViewControllerSelectedState.h; sourceTree = "<group>"; };
		FB89D43C154C7D27001A0BDB /* SBBoardViewControllerConfirmState.m */ = {isa = PBXFileReference; fileEncoding = 4; lastKnownFileType = sourcecode.c.objc; path = SBBoardViewControllerConfirmState.m; sourceTree = "<group>"; };
		FB89D43C154C7D27001A0BDD /* SBBoardViewControllerConfirmState.h */ = {isa = PBXFileReference; fileEncoding = 4; lastKnownFileType = sourcecode.c.h; path = SBBoardViewControllerConfirmState.h; sourceTree = "<group>"; };
		FB89D43C154C7D27001A0BDE /* SBBoardViewControllerGameOverState.m */ = {isa = PBXFileReference; fileEncoding = 4; lastKnownFileType = sourcecode.c.objc; path = SBBoardViewControllerGameOverState.m; sourceTree = "<group>"; };
		FB89D43C154C7D27001A0BE0 /* SBBoardViewControllerGameOverState.h */ = {isa = PBXFileReference; fileEncoding = 4; lastKnownFileType = sourcecode.c.h; path = SBBoardViewControllerGameOverState.h; sourceTree = "<group>"; };
		FB89D43C154C7D27001A0BE1 /* SBBoardViewControllerHintState.m */ = {isa = PBXFileReference; fileEncoding = 4; lastKnownFileType = sourcecode.c.objc; path = SBBoardViewControllerHintState.m; sourceTree = "<group>"; };
		FB89D43C154C7D27001A0BE3 /* SBBoardViewControllerHintState.h */ = {isa = PBXFileReference; fileEncoding = 4; lastKnownFileType = sourcecode.c.h; path = SBBoardViewControllerHintState.h; sourceTree = "<group>"; };
		FB89D43C154C7D27001A0BE4 /* SBBoardViewControllerDraggedState.m */ = {isa = PBXFileReference; fileEncoding = 4; lastKnownFileType = sourcecode.c.objc; path = SBBoardViewControllerDraggedState.m; sourceTree = "<group>"; };
		FB89D43C154C7D27001A0BE6 /* SBBoardViewControllerDraggedState.h */ = {isa = PBXFileReference; fileEncoding = 4; lastKnownFileType = sourcecode.c.h; path = SBBoardViewControllerDraggedState.h; sourceTree = "<group>"; };
/* End PBXFileReference section */

/* Begin PBXFrameworksBuildPhase section */
		D76A455E151DDC7500E59146 /* Frameworks */ = {
			isa = PBXFrameworksBuildPhase;
			buildActionMask = 2147483647;
			files = (
				D7FDA3A4156DAA8F00E65C5E /* libTestFlight.a in Frameworks */,
				D7FDA3A2156DAA4700E65C5E /* libz.dylib in Frameworks */,
				536BE854153E17F000750F54 /* QuartzCore.framework in Frameworks */,
				D755A48B15320B53003BB704 /* GameKit.framework in Frameworks */,
				D76A4566151DDC7500E59146 /* UIKit.framework in Frameworks */,
				D76A4568151DDC7500E59146 /* Foundation.framework in Frameworks */,
				D76A456A151DDC7500E59146 /* CoreGraphics.framework in Frameworks */,
			);
			runOnlyForDeploymentPostprocessing = 0;
		};
		D76A4581151DDC7500E59146 /* Frameworks */ = {
			isa = PBXFrameworksBuildPhase;
			buildActionMask = 2147483647;
			files = (
				FB89D43C154C7D27001A0B11 /* libOCMock.a in Frameworks */,
				D76A4587151DDC7500E59146 /* SenTestingKit.framework in Frameworks */,
				D76A4588151DDC7500E59146 /* UIKit.framework in Frameworks */,
				D76A4589151DDC7500E59146 /* Foundation.framework in Frameworks */,
				FB89D43C154C7D27001A0B38 /* GameKit.framework in Frameworks */,
			);
			runOnlyForDeploymentPostprocessing = 0;
		};
/* End PBXFrameworksBuildPhase section */

/* Begin PBXGroup section */
		D755A4941532224C003BB704 /* Model */ = {
			isa = PBXGroup;
			children = (
				FB89D43C154C7D27001A0B9D /* PhageModelHelper.h */,
				FB89D43C154C7D27001A0B9B /* PhageModelHelper.m */,
				D76A45BD151DFD1A00E59146 /* SBTrianglePiece.m */,
				D76A45BC151DFD1A00E59146 /* SBTrianglePiece.h */,
				D7BFA3AE151F108100435C7F /* SBState.m */,
				D7BFA3AD151F108100435C7F /* SBState.h */,
				D76A45BA151DFD0E00E59146 /* SBSquarePiece.m */,
				D76A45B9151DFD0E00E59146 /* SBSquarePiece.h */,
				D7BFA390151E48A000435C7F /* SBPiece.m */,
				D76A45B2151DFC2B00E59146 /* SBPiece.h */,
				D7BFA3B2151F2AD300435C88 /* SBMovePicker.m */,
				D7BFA3B2151F2AD300435C8A /* SBMovePicker.h */,
				D76A459E151DE13700E59146 /* SBMove.m */,
				D76A459D151DE13700E59146 /* SBMove.h */,
				D76A45A1151DE19300E59146 /* SBLocation.m */,
				D76A45A0151DE19300E59146 /* SBLocation.h */,
				D7BFA3B2151F2AD300435C80 /* SBDirection.m */,
				D7BFA3B2151F2AD300435C82 /* SBDirection.h */,
				D76A45B7151DFD0000E59146 /* SBDiamondPiece.m */,
				D76A45B6151DFD0000E59146 /* SBDiamondPiece.h */,
				D76A45B4151DFC4700E59146 /* SBCirclePiece.m */,
				D76A45B3151DFC4700E59146 /* SBCirclePiece.h */,
			);
			path = Model;
			sourceTree = "<group>";
		};
		D76A4556151DDC7500E59146 = {
			isa = PBXGroup;
			children = (
				D76A456B151DDC7500E59146 /* Phage */,
				D76A458C151DDC7500E59146 /* PhageTests */,
				D76A4564151DDC7500E59146 /* Frameworks */,
				D76A4562151DDC7500E59146 /* Products */,
			);
			sourceTree = "<group>";
		};
		D76A4562151DDC7500E59146 /* Products */ = {
			isa = PBXGroup;
			children = (
				D76A4561151DDC7500E59146 /* Phage.app */,
				D76A4585151DDC7500E59146 /* PhageTests.octest */,
			);
			name = Products;
			sourceTree = "<group>";
		};
		D76A4564151DDC7500E59146 /* Frameworks */ = {
			isa = PBXGroup;
			children = (
				D7FDA3A3156DAA8F00E65C5E /* libTestFlight.a */,
				D7FDA3A1156DAA4700E65C5E /* libz.dylib */,
				D7BFA3B2151F2AD300435C96 /* OCMock.xcodeproj */,
				536BE853153E17F000750F54 /* QuartzCore.framework */,
				D755A48A15320B53003BB704 /* GameKit.framework */,
				D76A4565151DDC7500E59146 /* UIKit.framework */,
				D76A4567151DDC7500E59146 /* Foundation.framework */,
				D76A4569151DDC7500E59146 /* CoreGraphics.framework */,
				D76A4586151DDC7500E59146 /* SenTestingKit.framework */,
			);
			name = Frameworks;
			sourceTree = "<group>";
		};
		D76A456B151DDC7500E59146 /* Phage */ = {
			isa = PBXGroup;
			children = (
				FB89D43C154C7D27001A0B95 /* PhageRootViewController.h */,
				FB89D43C154C7D27001A0B93 /* PhageRootViewController.m */,
				D76A4574151DDC7500E59146 /* SBAppDelegate.h */,
				D76A4575151DDC7500E59146 /* SBAppDelegate.m */,
				D76A4577151DDC7500E59146 /* MainStoryboard_iPhone.storyboard */,
				D76A457A151DDC7500E59146 /* MainStoryboard_iPad.storyboard */,
				D76A456C151DDC7500E59146 /* Supporting Files */,
				D755A4941532224C003BB704 /* Model */,
				FB89D43C154C7D27001A0B96 /* TurnBasedAdapter */,
				FB89D43C154C7D27001A0BAA /* BoardView */,
			);
			path = Phage;
			sourceTree = "<group>";
		};
		D76A456C151DDC7500E59146 /* Supporting Files */ = {
			isa = PBXGroup;
			children = (
				D719864D155D78BB00349052 /* HowToPlay.md */,
				D76A456D151DDC7500E59146 /* Phage-Info.plist */,
				D76A456E151DDC7500E59146 /* InfoPlist.strings */,
				D76A4571151DDC7500E59146 /* main.m */,
				D76A4573151DDC7500E59146 /* Phage-Prefix.pch */,
			);
			name = "Supporting Files";
			sourceTree = "<group>";
		};
		D76A458C151DDC7500E59146 /* PhageTests */ = {
			isa = PBXGroup;
			children = (
				FB89D43C154C7D27001A0B99 /* SBTurnBasedMatchHelperTest.m */,
				FB89D43C154C7D27001A0B33 /* SBGameKitTurnBasedParticipantTest.m */,
				FB89D43C154C7D27001A0B31 /* SBGameKitTurnBasedMatchTest.m */,
				FB89D43C154C7D27001A0B2F /* SBGameKitTurnBasedMatchHelperTest.m */,
				FB89D43C154C7D27001A0B2D /* SBAITurnBasedParticipantTest.m */,
				FB89D43C154C7D27001A0B2B /* SBAITurnBasedMatchTest.m */,
				FB89D43C154C7D27001A0B29 /* SBAITurnBasedAdapterTest.m */,
				D76A458D151DDC7500E59146 /* Supporting Files */,
				FB89D43C154C7D27001A0BA0 /* Model */,
			);
			path = PhageTests;
			sourceTree = SOURCE_ROOT;
		};
		D76A458D151DDC7500E59146 /* Supporting Files */ = {
			isa = PBXGroup;
			children = (
				D76A458E151DDC7500E59146 /* PhageTests-Info.plist */,
				D76A458F151DDC7500E59146 /* InfoPlist.strings */,
			);
			name = "Supporting Files";
			sourceTree = "<group>";
		};
		D7BFA3B2151F2AD300435C97 /* Products */ = {
			isa = PBXGroup;
			children = (
				D7BFA3B2151F2AD300435C99 /* OCMock.framework */,
				D7BFA3B2151F2AD300435C9B /* OCMockTests.octest */,
				D7BFA3B2151F2AD300435C9D /* libOCMock.a */,
			);
			name = Products;
			sourceTree = "<group>";
		};
		FB89D43C154C7D27001A0B12 /* AI */ = {
			isa = PBXGroup;
			children = (
				FB89D43C154C7D27001A0B1A /* SBAITurnBasedParticipant.m */,
				FB89D43C154C7D27001A0B19 /* SBAITurnBasedParticipant.h */,
				FB89D43C154C7D27001A0B17 /* SBAITurnBasedAdapter.m */,
				FB89D43C154C7D27001A0B16 /* SBAITurnBasedAdapter.h */,
				FB89D43C154C7D27001A0B14 /* SBAITurnBasedMatch.m */,
				FB89D43C154C7D27001A0B13 /* SBAITurnBasedMatch.h */,
			);
			path = AI;
			sourceTree = "<group>";
		};
		FB89D43C154C7D27001A0B1C /* GameKit */ = {
			isa = PBXGroup;
			children = (
				FB89D43C154C7D27001A0B27 /* SBGameKitTurnBasedParticipant.m */,
				FB89D43C154C7D27001A0B26 /* SBGameKitTurnBasedParticipant.h */,
				FB89D43C154C7D27001A0B21 /* SBGameKitTurnBasedAdapter.m */,
				FB89D43C154C7D27001A0B20 /* SBGameKitTurnBasedAdapter.h */,
				FB89D43C154C7D27001A0B1E /* SBGameKitTurnBasedMatch.m */,
				FB89D43C154C7D27001A0B1D /* SBGameKitTurnBasedMatch.h */,
			);
			path = GameKit;
			sourceTree = "<group>";
		};
		FB89D43C154C7D27001A0B96 /* TurnBasedAdapter */ = {
			isa = PBXGroup;
			children = (
				FB89D43C154C7D27001A0B97 /* SBTurnBasedMatchHelper.m */,
				FB89D43C154C7D27001A0B1C /* GameKit */,
				FB89D43C154C7D27001A0B12 /* AI */,
				FB89D43C154C7D27001A0B37 /* SBTurnBasedParticipant.h */,
				FB89D43C154C7D27001A0B36 /* SBTurnBasedMatchHelper.h */,
				FB89D43C154C7D27001A0B35 /* SBTurnBasedMatch.h */,
			);
			path = TurnBasedAdapter;
			sourceTree = "<group>";
		};
		FB89D43C154C7D27001A0BA0 /* Model */ = {
			isa = PBXGroup;
			children = (
				FB89D43C154C7D27001A0B9E /* PhageModelHelperTest.m */,
				D7BFA3B2151F2AD300435C8B /* SBMovePickerTest.m */,
				D73965B1151FB10600118094 /* SBPieceTest.m */,
				D76A45A7151DE43300E59146 /* SBMoveTest.m */,
				D7BFA3B1151F2AD300435C7F /* SBStateTest.m */,
				D76A45A4151DE30600E59146 /* SBLocationTest.m */,
				D7BFA3B2151F2AD300435C83 /* SBDirectionTest.m */,
			);
			path = Model;
			sourceTree = "<group>";
		};
		FB89D43C154C7D27001A0BAA /* BoardView */ = {
			isa = PBXGroup;
			children = (
				FB89D43C154C7D27001A0BE6 /* SBBoardViewControllerDraggedState.h */,
				FB89D43C154C7D27001A0BE4 /* SBBoardViewControllerDraggedState.m */,
				FB89D43C154C7D27001A0BE3 /* SBBoardViewControllerHintState.h */,
				FB89D43C154C7D27001A0BE1 /* SBBoardViewControllerHintState.m */,
				FB89D43C154C7D27001A0BE0 /* SBBoardViewControllerGameOverState.h */,
				FB89D43C154C7D27001A0BDE /* SBBoardViewControllerGameOverState.m */,
				FB89D43C154C7D27001A0BDD /* SBBoardViewControllerConfirmState.h */,
				FB89D43C154C7D27001A0BDB /* SBBoardViewControllerConfirmState.m */,
				FB89D43C154C7D27001A0BDA /* SBBoardViewControllerSelectedState.h */,
				FB89D43C154C7D27001A0BD8 /* SBBoardViewControllerSelectedState.m */,
				FB89D43C154C7D27001A0BD7 /* SBBoardViewControllerUnselectedState.h */,
				FB89D43C154C7D27001A0BD5 /* SBBoardViewControllerUnselectedState.m */,
				FB89D43C154C7D27001A0BD4 /* SBBoardViewControllerReadonlyState.h */,
				FB89D43C154C7D27001A0BD2 /* SBBoardViewControllerReadonlyState.m */,
				FB89D43C154C7D27001A0BD1 /* SBBoardViewControllerState.h */,
				FB89D43C154C7D27001A0BCF /* SBBoardViewControllerState.m */,
				FB89D43C154C7D27001A0BC1 /* SBAnimationHelper.h */,
				FB89D43C154C7D27001A0BBF /* SBAnimationHelper.m */,
				D7BFA3B2151F2AD300435C94 /* chess-640x640.jpg */,
				D76A457E151DDC7500E59146 /* SBBoardViewController.m */,
				D76A457D151DDC7500E59146 /* SBBoardViewController.h */,
				D7BFA3B2151F2AD300435C92 /* SBBoardView.m */,
				D7BFA3B2151F2AD300435C91 /* SBBoardView.h */,
				FB89D43C154C7D27001A0BA1 /* SBPieceLayer.m */,
				FB89D43C154C7D27001A0BA3 /* SBPieceLayer.h */,
				FB89D43C154C7D27001A0BA4 /* SBMovesLeftLayer.m */,
				FB89D43C154C7D27001A0BA6 /* SBMovesLeftLayer.h */,
				FB89D43C154C7D27001A0BA7 /* SBCellLayer.m */,
				FB89D43C154C7D27001A0BA9 /* SBCellLayer.h */,
			);
			path = BoardView;
			sourceTree = "<group>";
		};
/* End PBXGroup section */

/* Begin PBXNativeTarget section */
		D76A4560151DDC7500E59146 /* Phage */ = {
			isa = PBXNativeTarget;
			buildConfigurationList = D76A4597151DDC7500E59146 /* Build configuration list for PBXNativeTarget "Phage" */;
			buildPhases = (
				D76A455D151DDC7500E59146 /* Sources */,
				D76A455E151DDC7500E59146 /* Frameworks */,
				D76A455F151DDC7500E59146 /* Resources */,
			);
			buildRules = (
				D7198649155D726500349052 /* PBXBuildRule */,
			);
			dependencies = (
			);
			name = Phage;
			productName = Phage;
			productReference = D76A4561151DDC7500E59146 /* Phage.app */;
			productType = "com.apple.product-type.application";
		};
		D76A4584151DDC7500E59146 /* PhageTests */ = {
			isa = PBXNativeTarget;
			buildConfigurationList = D76A459A151DDC7500E59146 /* Build configuration list for PBXNativeTarget "PhageTests" */;
			buildPhases = (
				D76A4580151DDC7500E59146 /* Sources */,
				D76A4581151DDC7500E59146 /* Frameworks */,
				D76A4582151DDC7500E59146 /* Resources */,
				D76A4583151DDC7500E59146 /* ShellScript */,
			);
			buildRules = (
			);
			dependencies = (
				FB89D43B154C7D1F001A0B11 /* PBXTargetDependency */,
				D76A458B151DDC7500E59146 /* PBXTargetDependency */,
			);
			name = PhageTests;
			productName = PhageTests;
			productReference = D76A4585151DDC7500E59146 /* PhageTests.octest */;
			productType = "com.apple.product-type.bundle";
		};
/* End PBXNativeTarget section */

/* Begin PBXProject section */
		D76A4558151DDC7500E59146 /* Project object */ = {
			isa = PBXProject;
			attributes = {
				CLASSPREFIX = SB;
				LastUpgradeCheck = 0430;
			};
			buildConfigurationList = D76A455B151DDC7500E59146 /* Build configuration list for PBXProject "Phage" */;
			compatibilityVersion = "Xcode 3.2";
			developmentRegion = English;
			hasScannedForEncodings = 0;
			knownRegions = (
				en,
			);
			mainGroup = D76A4556151DDC7500E59146;
			productRefGroup = D76A4562151DDC7500E59146 /* Products */;
			projectDirPath = "";
			projectReferences = (
				{
					ProductGroup = D7BFA3B2151F2AD300435C97 /* Products */;
					ProjectRef = D7BFA3B2151F2AD300435C96 /* OCMock.xcodeproj */;
				},
			);
			projectRoot = "";
			targets = (
				D76A4560151DDC7500E59146 /* Phage */,
				D76A4584151DDC7500E59146 /* PhageTests */,
			);
		};
/* End PBXProject section */

/* Begin PBXReferenceProxy section */
		D7BFA3B2151F2AD300435C99 /* OCMock.framework */ = {
			isa = PBXReferenceProxy;
			fileType = wrapper.framework;
			path = OCMock.framework;
			remoteRef = D7BFA3B2151F2AD300435C98 /* PBXContainerItemProxy */;
			sourceTree = BUILT_PRODUCTS_DIR;
		};
		D7BFA3B2151F2AD300435C9B /* OCMockTests.octest */ = {
			isa = PBXReferenceProxy;
			fileType = wrapper.cfbundle;
			path = OCMockTests.octest;
			remoteRef = D7BFA3B2151F2AD300435C9A /* PBXContainerItemProxy */;
			sourceTree = BUILT_PRODUCTS_DIR;
		};
		D7BFA3B2151F2AD300435C9D /* libOCMock.a */ = {
			isa = PBXReferenceProxy;
			fileType = archive.ar;
			path = libOCMock.a;
			remoteRef = D7BFA3B2151F2AD300435C9C /* PBXContainerItemProxy */;
			sourceTree = BUILT_PRODUCTS_DIR;
		};
/* End PBXReferenceProxy section */

/* Begin PBXResourcesBuildPhase section */
		D76A455F151DDC7500E59146 /* Resources */ = {
			isa = PBXResourcesBuildPhase;
			buildActionMask = 2147483647;
			files = (
				D76A4570151DDC7500E59146 /* InfoPlist.strings in Resources */,
				D76A4579151DDC7500E59146 /* MainStoryboard_iPhone.storyboard in Resources */,
				D76A457C151DDC7500E59146 /* MainStoryboard_iPad.storyboard in Resources */,
				D7BFA3B2151F2AD300435C95 /* chess-640x640.jpg in Resources */,
				D719864F155D78BB00349052 /* HowToPlay.md in Resources */,
			);
			runOnlyForDeploymentPostprocessing = 0;
		};
		D76A4582151DDC7500E59146 /* Resources */ = {
			isa = PBXResourcesBuildPhase;
			buildActionMask = 2147483647;
			files = (
				D76A4591151DDC7500E59146 /* InfoPlist.strings in Resources */,
			);
			runOnlyForDeploymentPostprocessing = 0;
		};
/* End PBXResourcesBuildPhase section */

/* Begin PBXShellScriptBuildPhase section */
		D76A4583151DDC7500E59146 /* ShellScript */ = {
			isa = PBXShellScriptBuildPhase;
			buildActionMask = 2147483647;
			files = (
			);
			inputPaths = (
			);
			outputPaths = (
			);
			runOnlyForDeploymentPostprocessing = 0;
			shellPath = /bin/sh;
			shellScript = "# Run the unit tests in this test bundle.\n\"${SYSTEM_DEVELOPER_DIR}/Tools/RunUnitTests\"\n";
		};
/* End PBXShellScriptBuildPhase section */

/* Begin PBXSourcesBuildPhase section */
		D76A455D151DDC7500E59146 /* Sources */ = {
			isa = PBXSourcesBuildPhase;
			buildActionMask = 2147483647;
			files = (
				D76A4572151DDC7500E59146 /* main.m in Sources */,
				D76A4576151DDC7500E59146 /* SBAppDelegate.m in Sources */,
				D76A457F151DDC7500E59146 /* SBBoardViewController.m in Sources */,
				D76A459F151DE13700E59146 /* SBMove.m in Sources */,
				D76A45A2151DE19300E59146 /* SBLocation.m in Sources */,
				D76A45B5151DFC4700E59146 /* SBCirclePiece.m in Sources */,
				D76A45B8151DFD0000E59146 /* SBDiamondPiece.m in Sources */,
				D76A45BB151DFD0E00E59146 /* SBSquarePiece.m in Sources */,
				D76A45BE151DFD1A00E59146 /* SBTrianglePiece.m in Sources */,
				D7BFA391151E48A000435C7F /* SBPiece.m in Sources */,
				D7BFA3AF151F108100435C7F /* SBState.m in Sources */,
				D7BFA3B2151F2AD300435C81 /* SBDirection.m in Sources */,
				D7BFA3B2151F2AD300435C89 /* SBMovePicker.m in Sources */,
				D7BFA3B2151F2AD300435C93 /* SBBoardView.m in Sources */,
				FB89D43C154C7D27001A0B94 /* PhageRootViewController.m in Sources */,
				FB89D43C154C7D27001A0B15 /* SBAITurnBasedMatch.m in Sources */,
				FB89D43C154C7D27001A0B18 /* SBAITurnBasedAdapter.m in Sources */,
				FB89D43C154C7D27001A0B1B /* SBAITurnBasedParticipant.m in Sources */,
				FB89D43C154C7D27001A0B1F /* SBGameKitTurnBasedMatch.m in Sources */,
				FB89D43C154C7D27001A0B22 /* SBGameKitTurnBasedAdapter.m in Sources */,
				FB89D43C154C7D27001A0B28 /* SBGameKitTurnBasedParticipant.m in Sources */,
				FB89D43C154C7D27001A0B98 /* SBTurnBasedMatchHelper.m in Sources */,
				FB89D43C154C7D27001A0B9C /* PhageModelHelper.m in Sources */,
				FB89D43C154C7D27001A0BA2 /* SBPieceLayer.m in Sources */,
				FB89D43C154C7D27001A0BA5 /* SBMovesLeftLayer.m in Sources */,
				FB89D43C154C7D27001A0BA8 /* SBCellLayer.m in Sources */,
				FB89D43C154C7D27001A0BAD /* SBBoardViewReadonlyState.m in Sources */,
				FB89D43C154C7D27001A0BB0 /* SBBoardViewSelectedDraggedState.m in Sources */,
				FB89D43C154C7D27001A0BB4 /* SBBoardViewAbstractState.m in Sources */,
				FB89D43C154C7D27001A0BB7 /* SBBoardViewUnselectedState.m in Sources */,
				FB89D43C154C7D27001A0BBA /* SBBoardViewSelectedState.m in Sources */,
				FB89D43C154C7D27001A0BBD /* SBBoardViewHintingState.m in Sources */,
				FB89D43C154C7D27001A0BC0 /* SBAnimationHelper.m in Sources */,
				FB89D43C154C7D27001A0BC3 /* SBBoardViewHintingDraggedState.m in Sources */,
				FB89D43C154C7D27001A0BC8 /* SBBoardViewConfirmingState.m in Sources */,
				FB89D43C154C7D27001A0BCD /* SBBoardViewGameOverState.m in Sources */,
				FB89D43C154C7D27001A0BD0 /* SBBoardViewControllerState.m in Sources */,
				FB89D43C154C7D27001A0BD3 /* SBBoardViewControllerReadonlyState.m in Sources */,
				FB89D43C154C7D27001A0BD6 /* SBBoardViewControllerUnselectedState.m in Sources */,
				FB89D43C154C7D27001A0BD9 /* SBBoardViewControllerSelectedState.m in Sources */,
				FB89D43C154C7D27001A0BDC /* SBBoardViewControllerConfirmState.m in Sources */,
				FB89D43C154C7D27001A0BDF /* SBBoardViewControllerGameOverState.m in Sources */,
				FB89D43C154C7D27001A0BE2 /* SBBoardViewControllerHintState.m in Sources */,
				FB89D43C154C7D27001A0BE5 /* SBBoardViewControllerDraggedState.m in Sources */,
			);
			runOnlyForDeploymentPostprocessing = 0;
		};
		D76A4580151DDC7500E59146 /* Sources */ = {
			isa = PBXSourcesBuildPhase;
			buildActionMask = 2147483647;
			files = (
				D76A45A5151DE30600E59146 /* SBLocationTest.m in Sources */,
				D76A45A8151DE43300E59146 /* SBMoveTest.m in Sources */,
				D7BFA3B2151F2AD300435C7F /* SBStateTest.m in Sources */,
				D73965B2151FB10600118094 /* SBPieceTest.m in Sources */,
				D7BFA3B2151F2AD300435C84 /* SBDirectionTest.m in Sources */,
				D7BFA3B2151F2AD300435C8C /* SBMovePickerTest.m in Sources */,
				FB89D43C154C7D27001A0B2A /* SBAITurnBasedAdapterTest.m in Sources */,
				FB89D43C154C7D27001A0B2C /* SBAITurnBasedMatchTest.m in Sources */,
				FB89D43C154C7D27001A0B2E /* SBAITurnBasedParticipantTest.m in Sources */,
				FB89D43C154C7D27001A0B30 /* SBGameKitTurnBasedMatchHelperTest.m in Sources */,
				FB89D43C154C7D27001A0B32 /* SBGameKitTurnBasedMatchTest.m in Sources */,
				FB89D43C154C7D27001A0B34 /* SBGameKitTurnBasedParticipantTest.m in Sources */,
				FB89D43C154C7D27001A0B9A /* SBTurnBasedMatchHelperTest.m in Sources */,
				FB89D43C154C7D27001A0B9F /* PhageModelHelperTest.m in Sources */,
			);
			runOnlyForDeploymentPostprocessing = 0;
		};
/* End PBXSourcesBuildPhase section */

/* Begin PBXTargetDependency section */
		D76A458B151DDC7500E59146 /* PBXTargetDependency */ = {
			isa = PBXTargetDependency;
			target = D76A4560151DDC7500E59146 /* Phage */;
			targetProxy = D76A458A151DDC7500E59146 /* PBXContainerItemProxy */;
		};
		FB89D43B154C7D1F001A0B11 /* PBXTargetDependency */ = {
			isa = PBXTargetDependency;
			name = OCMockLib;
			targetProxy = FB89D43A154C7D1F001A0B11 /* PBXContainerItemProxy */;
		};
/* End PBXTargetDependency section */

/* Begin PBXVariantGroup section */
		D719864D155D78BB00349052 /* HowToPlay.md */ = {
			isa = PBXVariantGroup;
			children = (
				D719864E155D78BB00349052 /* HowToPlay.md */,
			);
			name = HowToPlay.md;
			sourceTree = "<group>";
		};
		D76A456E151DDC7500E59146 /* InfoPlist.strings */ = {
			isa = PBXVariantGroup;
			children = (
				D76A456F151DDC7500E59146 /* en */,
			);
			name = InfoPlist.strings;
			sourceTree = "<group>";
		};
		D76A4577151DDC7500E59146 /* MainStoryboard_iPhone.storyboard */ = {
			isa = PBXVariantGroup;
			children = (
				D76A4578151DDC7500E59146 /* en */,
			);
			name = MainStoryboard_iPhone.storyboard;
			sourceTree = "<group>";
		};
		D76A457A151DDC7500E59146 /* MainStoryboard_iPad.storyboard */ = {
			isa = PBXVariantGroup;
			children = (
				D76A457B151DDC7500E59146 /* en */,
			);
			name = MainStoryboard_iPad.storyboard;
			sourceTree = "<group>";
		};
		D76A458F151DDC7500E59146 /* InfoPlist.strings */ = {
			isa = PBXVariantGroup;
			children = (
				D76A4590151DDC7500E59146 /* en */,
			);
			name = InfoPlist.strings;
			sourceTree = "<group>";
		};
/* End PBXVariantGroup section */

/* Begin XCBuildConfiguration section */
		D76A4595151DDC7500E59146 /* Debug */ = {
			isa = XCBuildConfiguration;
			buildSettings = {
				ALWAYS_SEARCH_USER_PATHS = NO;
				ARCHS = "$(ARCHS_STANDARD_32_BIT)";
				CLANG_ENABLE_OBJC_ARC = YES;
				CODE_SIGN_IDENTITY = "iPhone Developer";
				"CODE_SIGN_IDENTITY[sdk=iphoneos*]" = "iPhone Developer";
				COPY_PHASE_STRIP = NO;
				GCC_C_LANGUAGE_STANDARD = gnu99;
				GCC_DYNAMIC_NO_PIC = NO;
				GCC_OPTIMIZATION_LEVEL = 0;
				GCC_PREPROCESSOR_DEFINITIONS = (
					"DEBUG=1",
					"$(inherited)",
				);
				GCC_SYMBOLS_PRIVATE_EXTERN = NO;
				GCC_VERSION = com.apple.compilers.llvm.clang.1_0;
				GCC_WARN_ABOUT_RETURN_TYPE = YES;
				GCC_WARN_UNINITIALIZED_AUTOS = YES;
				GCC_WARN_UNUSED_VARIABLE = YES;
				IPHONEOS_DEPLOYMENT_TARGET = 5.0;
				PROVISIONING_PROFILE = "";
				SDKROOT = iphoneos;
				TARGETED_DEVICE_FAMILY = "1,2";
			};
			name = Debug;
		};
		D76A4596151DDC7500E59146 /* Release */ = {
			isa = XCBuildConfiguration;
			buildSettings = {
				ALWAYS_SEARCH_USER_PATHS = NO;
				ARCHS = "$(ARCHS_STANDARD_32_BIT)";
				CLANG_ENABLE_OBJC_ARC = YES;
				CODE_SIGN_IDENTITY = "iPhone Distribution: Stig Brautaset";
				"CODE_SIGN_IDENTITY[sdk=iphoneos*]" = "iPhone Developer";
				COPY_PHASE_STRIP = YES;
				GCC_C_LANGUAGE_STANDARD = gnu99;
				GCC_VERSION = com.apple.compilers.llvm.clang.1_0;
				GCC_WARN_ABOUT_RETURN_TYPE = YES;
				GCC_WARN_UNINITIALIZED_AUTOS = YES;
				GCC_WARN_UNUSED_VARIABLE = YES;
				IPHONEOS_DEPLOYMENT_TARGET = 5.0;
				OTHER_CFLAGS = "-DNS_BLOCK_ASSERTIONS=1";
				PROVISIONING_PROFILE = "DD3E3DAC-959D-46E0-A4AD-5D31B92EF646";
				SDKROOT = iphoneos;
				TARGETED_DEVICE_FAMILY = "1,2";
				VALIDATE_PRODUCT = YES;
			};
			name = Release;
		};
		D76A4598151DDC7500E59146 /* Debug */ = {
			isa = XCBuildConfiguration;
			buildSettings = {
				GCC_PRECOMPILE_PREFIX_HEADER = YES;
				GCC_PREFIX_HEADER = "Phage/Phage-Prefix.pch";
				HEADER_SEARCH_PATHS = "${PROJECT_DIR}/libs/TestFlight";
				INFOPLIST_FILE = "Phage/Phage-Info.plist";
				LIBRARY_SEARCH_PATHS = (
					"$(inherited)",
					"\"$(SRCROOT)/libs/TestFlight\"",
				);
				PRODUCT_NAME = "$(TARGET_NAME)";
				WRAPPER_EXTENSION = app;
			};
			name = Debug;
		};
		D76A4599151DDC7500E59146 /* Release */ = {
			isa = XCBuildConfiguration;
			buildSettings = {
				GCC_PRECOMPILE_PREFIX_HEADER = YES;
				GCC_PREFIX_HEADER = "Phage/Phage-Prefix.pch";
				HEADER_SEARCH_PATHS = "${PROJECT_DIR}/libs/TestFlight";
				INFOPLIST_FILE = "Phage/Phage-Info.plist";
				LIBRARY_SEARCH_PATHS = (
					"$(inherited)",
					"\"$(SRCROOT)/libs/TestFlight\"",
				);
				PRODUCT_NAME = "$(TARGET_NAME)";
				WRAPPER_EXTENSION = app;
			};
			name = Release;
		};
		D76A459B151DDC7500E59146 /* Debug */ = {
			isa = XCBuildConfiguration;
			buildSettings = {
				BUNDLE_LOADER = "$(BUILT_PRODUCTS_DIR)/Phage.app/Phage";
				FRAMEWORK_SEARCH_PATHS = (
					"$(SDKROOT)/Developer/Library/Frameworks",
					"$(DEVELOPER_LIBRARY_DIR)/Frameworks",
				);
				GCC_PRECOMPILE_PREFIX_HEADER = YES;
				GCC_PREFIX_HEADER = "Phage/Phage-Prefix.pch";
				HEADER_SEARCH_PATHS = (
					"${PROJECT_DIR}/libs/TestFlight",
					"${PROJECT_DIR}/libs/ocmock/Source/",
				);
				INFOPLIST_FILE = "PhageTests/PhageTests-Info.plist";
				OTHER_LDFLAGS = (
					"-ObjC",
					"-all_load",
				);
				PRODUCT_NAME = "$(TARGET_NAME)";
				TEST_HOST = "$(BUNDLE_LOADER)";
				WRAPPER_EXTENSION = octest;
			};
			name = Debug;
		};
		D76A459C151DDC7500E59146 /* Release */ = {
			isa = XCBuildConfiguration;
			buildSettings = {
				BUNDLE_LOADER = "$(BUILT_PRODUCTS_DIR)/Phage.app/Phage";
				FRAMEWORK_SEARCH_PATHS = (
					"$(SDKROOT)/Developer/Library/Frameworks",
					"$(DEVELOPER_LIBRARY_DIR)/Frameworks",
				);
				GCC_PRECOMPILE_PREFIX_HEADER = YES;
				GCC_PREFIX_HEADER = "Phage/Phage-Prefix.pch";
				HEADER_SEARCH_PATHS = (
					"${PROJECT_DIR}/libs/TestFlight",
					"${PROJECT_DIR}/libs/ocmock/Source/",
				);
				INFOPLIST_FILE = "PhageTests/PhageTests-Info.plist";
				OTHER_LDFLAGS = (
					"-ObjC",
					"-all_load",
				);
				PRODUCT_NAME = "$(TARGET_NAME)";
				TEST_HOST = "$(BUNDLE_LOADER)";
				WRAPPER_EXTENSION = octest;
			};
			name = Release;
		};
/* End XCBuildConfiguration section */

/* Begin XCConfigurationList section */
		D76A455B151DDC7500E59146 /* Build configuration list for PBXProject "Phage" */ = {
			isa = XCConfigurationList;
			buildConfigurations = (
				D76A4595151DDC7500E59146 /* Debug */,
				D76A4596151DDC7500E59146 /* Release */,
			);
			defaultConfigurationIsVisible = 0;
			defaultConfigurationName = Release;
		};
		D76A4597151DDC7500E59146 /* Build configuration list for PBXNativeTarget "Phage" */ = {
			isa = XCConfigurationList;
			buildConfigurations = (
				D76A4598151DDC7500E59146 /* Debug */,
				D76A4599151DDC7500E59146 /* Release */,
			);
			defaultConfigurationIsVisible = 0;
			defaultConfigurationName = Release;
		};
		D76A459A151DDC7500E59146 /* Build configuration list for PBXNativeTarget "PhageTests" */ = {
			isa = XCConfigurationList;
			buildConfigurations = (
				D76A459B151DDC7500E59146 /* Debug */,
				D76A459C151DDC7500E59146 /* Release */,
			);
			defaultConfigurationIsVisible = 0;
			defaultConfigurationName = Release;
		};
/* End XCConfigurationList section */
	};
	rootObject = D76A4558151DDC7500E59146 /* Project object */;
}
