// !$*UTF8*$!
{
	archiveVersion = 1;
	classes = {
	};
	objectVersion = 46;
	objects = {

/* Begin PBXBuildFile section */
		536BE854153E17F000750F54 /* QuartzCore.framework in Frameworks */ = {isa = PBXBuildFile; fileRef = 536BE853153E17F000750F54 /* QuartzCore.framework */; };
		D719864F155D78BB00349052 /* HowToPlay.md in Resources */ = {isa = PBXBuildFile; fileRef = D719864D155D78BB00349052 /* HowToPlay.md */; };
		D72F239915C5F248006EFE0D /* Foundation.framework in Frameworks */ = {isa = PBXBuildFile; fileRef = D76A4567151DDC7500E59146 /* Foundation.framework */; };
		D72F239E15C5F248006EFE0D /* PhageModel.h in CopyFiles */ = {isa = PBXBuildFile; fileRef = D72F239D15C5F248006EFE0D /* PhageModel.h */; };
		D72F23A715C5F248006EFE0D /* SenTestingKit.framework in Frameworks */ = {isa = PBXBuildFile; fileRef = D76A4586151DDC7500E59146 /* SenTestingKit.framework */; };
		D72F23A815C5F248006EFE0D /* UIKit.framework in Frameworks */ = {isa = PBXBuildFile; fileRef = D76A4565151DDC7500E59146 /* UIKit.framework */; };
		D72F23A915C5F248006EFE0D /* Foundation.framework in Frameworks */ = {isa = PBXBuildFile; fileRef = D76A4567151DDC7500E59146 /* Foundation.framework */; };
		D72F23AC15C5F248006EFE0D /* libPhageModel.a in Frameworks */ = {isa = PBXBuildFile; fileRef = D72F239815C5F248006EFE0D /* libPhageModel.a */; };
		D72F23B215C5F248006EFE0D /* InfoPlist.strings in Resources */ = {isa = PBXBuildFile; fileRef = D72F23B015C5F248006EFE0D /* InfoPlist.strings */; };
		D72F242115C5F750006EFE0D /* libOCMock.a in Frameworks */ = {isa = PBXBuildFile; fileRef = D7BFA3B2151F2AD300435C9D /* libOCMock.a */; };
		D74D65BF15E3128300A69FC0 /* libUtils.a in Frameworks */ = {isa = PBXBuildFile; fileRef = D7EA254B15E2EE02006081A4 /* libUtils.a */; };
		D755A48B15320B53003BB704 /* GameKit.framework in Frameworks */ = {isa = PBXBuildFile; fileRef = D755A48A15320B53003BB704 /* GameKit.framework */; };
		D76A4566151DDC7500E59146 /* UIKit.framework in Frameworks */ = {isa = PBXBuildFile; fileRef = D76A4565151DDC7500E59146 /* UIKit.framework */; };
		D76A4568151DDC7500E59146 /* Foundation.framework in Frameworks */ = {isa = PBXBuildFile; fileRef = D76A4567151DDC7500E59146 /* Foundation.framework */; };
		D76A456A151DDC7500E59146 /* CoreGraphics.framework in Frameworks */ = {isa = PBXBuildFile; fileRef = D76A4569151DDC7500E59146 /* CoreGraphics.framework */; };
		D76A4570151DDC7500E59146 /* InfoPlist.strings in Resources */ = {isa = PBXBuildFile; fileRef = D76A456E151DDC7500E59146 /* InfoPlist.strings */; };
		D76A4572151DDC7500E59146 /* main.m in Sources */ = {isa = PBXBuildFile; fileRef = D76A4571151DDC7500E59146 /* main.m */; };
		D76A4576151DDC7500E59146 /* SBAppDelegate.m in Sources */ = {isa = PBXBuildFile; fileRef = D76A4575151DDC7500E59146 /* SBAppDelegate.m */; };
		D76A4579151DDC7500E59146 /* MainStoryboard_iPhone.storyboard in Resources */ = {isa = PBXBuildFile; fileRef = D76A4577151DDC7500E59146 /* MainStoryboard_iPhone.storyboard */; };
		D76A457C151DDC7500E59146 /* MainStoryboard_iPad.storyboard in Resources */ = {isa = PBXBuildFile; fileRef = D76A457A151DDC7500E59146 /* MainStoryboard_iPad.storyboard */; };
		D76A457F151DDC7500E59146 /* SBMatchViewController.m in Sources */ = {isa = PBXBuildFile; fileRef = D76A457E151DDC7500E59146 /* SBMatchViewController.m */; };
		D76A4587151DDC7500E59146 /* SenTestingKit.framework in Frameworks */ = {isa = PBXBuildFile; fileRef = D76A4586151DDC7500E59146 /* SenTestingKit.framework */; };
		D76A4588151DDC7500E59146 /* UIKit.framework in Frameworks */ = {isa = PBXBuildFile; fileRef = D76A4565151DDC7500E59146 /* UIKit.framework */; };
		D76A4589151DDC7500E59146 /* Foundation.framework in Frameworks */ = {isa = PBXBuildFile; fileRef = D76A4567151DDC7500E59146 /* Foundation.framework */; };
		D76A4591151DDC7500E59146 /* InfoPlist.strings in Resources */ = {isa = PBXBuildFile; fileRef = D76A458F151DDC7500E59146 /* InfoPlist.strings */; };
		D77E0C8415DD88430004EFAF /* SBMatchMakerViewController.m in Sources */ = {isa = PBXBuildFile; fileRef = D77E0C8315DD88430004EFAF /* SBMatchMakerViewController.m */; };
		D7AE134815C7538400B8349B /* libPhageModel.a in Frameworks */ = {isa = PBXBuildFile; fileRef = D72F239815C5F248006EFE0D /* libPhageModel.a */; };
		D7BFA3B2151F2AD300435C89 /* SBOpponentMobilityMinimisingMovePicker.m in Sources */ = {isa = PBXBuildFile; fileRef = D7BFA3B2151F2AD300435C88 /* SBOpponentMobilityMinimisingMovePicker.m */; };
		D7BFA3B2151F2AD300435C8C /* SBOpponentMobilityMinimisingMovePickerTest.m in Sources */ = {isa = PBXBuildFile; fileRef = D7BFA3B2151F2AD300435C8B /* SBOpponentMobilityMinimisingMovePickerTest.m */; };
		D7BFA3B2151F2AD300435C93 /* SBMatchView.m in Sources */ = {isa = PBXBuildFile; fileRef = D7BFA3B2151F2AD300435C92 /* SBMatchView.m */; };
		D7BFA3B2151F2AD300435C95 /* chess-640x640.jpg in Resources */ = {isa = PBXBuildFile; fileRef = D7BFA3B2151F2AD300435C94 /* chess-640x640.jpg */; };
		D7DD0D2B15E4475100103EE4 /* SBBoardView.m in Sources */ = {isa = PBXBuildFile; fileRef = D7DD0D2A15E4475100103EE4 /* SBBoardView.m */; };
		D7EA254C15E2EE02006081A4 /* Foundation.framework in Frameworks */ = {isa = PBXBuildFile; fileRef = D76A4567151DDC7500E59146 /* Foundation.framework */; };
		D7EA255A15E2EE02006081A4 /* SenTestingKit.framework in Frameworks */ = {isa = PBXBuildFile; fileRef = D76A4586151DDC7500E59146 /* SenTestingKit.framework */; };
		D7EA255B15E2EE02006081A4 /* UIKit.framework in Frameworks */ = {isa = PBXBuildFile; fileRef = D76A4565151DDC7500E59146 /* UIKit.framework */; };
		D7EA255C15E2EE02006081A4 /* Foundation.framework in Frameworks */ = {isa = PBXBuildFile; fileRef = D76A4567151DDC7500E59146 /* Foundation.framework */; };
		D7EA255F15E2EE02006081A4 /* libUtils.a in Frameworks */ = {isa = PBXBuildFile; fileRef = D7EA254B15E2EE02006081A4 /* libUtils.a */; };
		D7EA256515E2EE02006081A4 /* InfoPlist.strings in Resources */ = {isa = PBXBuildFile; fileRef = D7EA256315E2EE02006081A4 /* InfoPlist.strings */; };
		D7EA256815E2EE02006081A4 /* NSArrayUtilsTest.m in Sources */ = {isa = PBXBuildFile; fileRef = D7EA256715E2EE02006081A4 /* NSArrayUtilsTest.m */; };
		D7EA257415E2EEE9006081A4 /* libUtils.a in Frameworks */ = {isa = PBXBuildFile; fileRef = D7EA254B15E2EE02006081A4 /* libUtils.a */; };
		D7FDA3A2156DAA4700E65C5E /* libz.dylib in Frameworks */ = {isa = PBXBuildFile; fileRef = D7FDA3A1156DAA4700E65C5E /* libz.dylib */; };
		D7FDA3A4156DAA8F00E65C5E /* libTestFlight.a in Frameworks */ = {isa = PBXBuildFile; fileRef = D7FDA3A3156DAA8F00E65C5E /* libTestFlight.a */; };
		F8D04027C7A00D5717B08DD6 /* SouthDiamond.png in Resources */ = {isa = PBXBuildFile; fileRef = F8D045227BFF000469526CE1 /* SouthDiamond.png */; };
		F8D040786DB3C287CFAFE611 /* SBPieceView.m in Sources */ = {isa = PBXBuildFile; fileRef = F8D04129838B653D03F76144 /* SBPieceView.m */; };
		F8D041AEA9425524156B3DEC /* SBMatchLookupViewController.m in Sources */ = {isa = PBXBuildFile; fileRef = F8D049E7B11F27F102F6CBDE /* SBMatchLookupViewController.m */; };
		F8D0445D2BD787D044459010 /* NorthCircle.png in Resources */ = {isa = PBXBuildFile; fileRef = F8D04DB6B26461C4B5A120AB /* NorthCircle.png */; };
		F8D0449FC5E399655B54BD9D /* NorthTriangle.png in Resources */ = {isa = PBXBuildFile; fileRef = F8D04C837D03B145DB351D2F /* NorthTriangle.png */; };
		F8D0458F0826F3A197156CD7 /* NorthDiamond.png in Resources */ = {isa = PBXBuildFile; fileRef = F8D04F5489774187AD134A8F /* NorthDiamond.png */; };
		F8D049201306801F4FC99BA2 /* NSArray+Utils.h in CopyFiles */ = {isa = PBXBuildFile; fileRef = F8D04E9A1DE46C44EEFEEE7D /* NSArray+Utils.h */; };
		F8D04945DD27D4D6780F6654 /* SouthTriangle.png in Resources */ = {isa = PBXBuildFile; fileRef = F8D041465C485CAD621B1C32 /* SouthTriangle.png */; };
		F8D04B71CF3EA739192B4BA9 /* SBCellView.m in Sources */ = {isa = PBXBuildFile; fileRef = F8D04440E13E946BC7E8DEC2 /* SBCellView.m */; };
		F8D04D437301EC2C4190B824 /* Blocked.png in Resources */ = {isa = PBXBuildFile; fileRef = F8D0485D2A145F89AE4B1F8F /* Blocked.png */; };
		F8D04D95863A93B8C25D8980 /* NorthSquare.png in Resources */ = {isa = PBXBuildFile; fileRef = F8D04D7C9C0ACA6769F30D6F /* NorthSquare.png */; };
		F8D04F02D027342A4E9D981E /* SouthSquare.png in Resources */ = {isa = PBXBuildFile; fileRef = F8D047EC9CA8AF7E7320B150 /* SouthSquare.png */; };
		F8D04F131B438B0F27297F54 /* NSArray+Utils.m in Sources */ = {isa = PBXBuildFile; fileRef = F8D04C00F2FECB24B1334BB5 /* NSArray+Utils.m */; };
		F8D04FCA15C230B8C399A63B /* SouthCircle.png in Resources */ = {isa = PBXBuildFile; fileRef = F8D0436A282EB47C819143D8 /* SouthCircle.png */; };
		FB89D43C154C7D27001A0B38 /* GameKit.framework in Frameworks */ = {isa = PBXBuildFile; fileRef = D755A48A15320B53003BB704 /* GameKit.framework */; };
		FB89D43C154C7D27001A0BA2 /* SBPieceLayer.m in Sources */ = {isa = PBXBuildFile; fileRef = FB89D43C154C7D27001A0BA1 /* SBPieceLayer.m */; };
		FB89D43C154C7D27001A0BA8 /* SBCellLayer.m in Sources */ = {isa = PBXBuildFile; fileRef = FB89D43C154C7D27001A0BA7 /* SBCellLayer.m */; };
		FB89D43C154C7D27001A0BD0 /* SBMatchViewControllerState.m in Sources */ = {isa = PBXBuildFile; fileRef = FB89D43C154C7D27001A0BCF /* SBMatchViewControllerState.m */; };
		FB89D43C154C7D27001A0BD3 /* SBMatchViewControllerStateReadonly.m in Sources */ = {isa = PBXBuildFile; fileRef = FB89D43C154C7D27001A0BD2 /* SBMatchViewControllerStateReadonly.m */; };
		FB89D43C154C7D27001A0BD6 /* SBMatchViewControllerStateUnselected.m in Sources */ = {isa = PBXBuildFile; fileRef = FB89D43C154C7D27001A0BD5 /* SBMatchViewControllerStateUnselected.m */; };
		FB89D43C154C7D27001A0BD9 /* SBMatchViewControllerStateSelected.m in Sources */ = {isa = PBXBuildFile; fileRef = FB89D43C154C7D27001A0BD8 /* SBMatchViewControllerStateSelected.m */; };
		FB89D43C154C7D27001A0BDC /* SBMatchViewControllerStateConfirm.m in Sources */ = {isa = PBXBuildFile; fileRef = FB89D43C154C7D27001A0BDB /* SBMatchViewControllerStateConfirm.m */; };
		FB89D43C154C7D27001A0BDF /* SBMatchViewControllerStateGameOver.m in Sources */ = {isa = PBXBuildFile; fileRef = FB89D43C154C7D27001A0BDE /* SBMatchViewControllerStateGameOver.m */; };
		FB89D43C154C7D27001A0BE2 /* SBMatchViewControllerStateHint.m in Sources */ = {isa = PBXBuildFile; fileRef = FB89D43C154C7D27001A0BE1 /* SBMatchViewControllerStateHint.m */; };
		FB89D43C154C7D27001A0BE5 /* SBMatchViewControllerStateDragged.m in Sources */ = {isa = PBXBuildFile; fileRef = FB89D43C154C7D27001A0BE4 /* SBMatchViewControllerStateDragged.m */; };
		FB89D43C154C7D27001A0BF5 /* SBAnimationCompletionHandler.m in Sources */ = {isa = PBXBuildFile; fileRef = FB89D43C154C7D27001A0BF4 /* SBAnimationCompletionHandler.m */; };
		FB89D43C154C7D27001A0BFC /* SBBotTurnEventHandler.m in Sources */ = {isa = PBXBuildFile; fileRef = FB89D43C154C7D27001A0BFB /* SBBotTurnEventHandler.m */; };
		FB89D43C154C7D27001A0BFF /* SBPiece+Drawing.m in Sources */ = {isa = PBXBuildFile; fileRef = FB89D43C154C7D27001A0BFE /* SBPiece+Drawing.m */; };
		FB89D43C154C7D27001A0C07 /* SBCircle+Drawing.m in Sources */ = {isa = PBXBuildFile; fileRef = FB89D43C154C7D27001A0C06 /* SBCircle+Drawing.m */; };
		FB89D43C154C7D27001A0C09 /* SBDiamond+Drawing.m in Sources */ = {isa = PBXBuildFile; fileRef = FB89D43C154C7D27001A0C08 /* SBDiamond+Drawing.m */; };
		FB89D43C154C7D27001A0C0B /* SBSquare+Drawing.m in Sources */ = {isa = PBXBuildFile; fileRef = FB89D43C154C7D27001A0C0A /* SBSquare+Drawing.m */; };
		FB89D43C154C7D27001A0C0D /* SBTriangle+Drawing.m in Sources */ = {isa = PBXBuildFile; fileRef = FB89D43C154C7D27001A0C0C /* SBTriangle+Drawing.m */; };
		FB89D43C154C7D27001A0C0E /* SBBoard.m in Sources */ = {isa = PBXBuildFile; fileRef = D7BFA3AE151F108100435C7F /* SBBoard.m */; };
		FB89D43C154C7D27001A0C0F /* SBCircle.m in Sources */ = {isa = PBXBuildFile; fileRef = D76A45B4151DFC4700E59146 /* SBCircle.m */; };
		FB89D43C154C7D27001A0C10 /* SBDiamond.m in Sources */ = {isa = PBXBuildFile; fileRef = D76A45B7151DFD0000E59146 /* SBDiamond.m */; };
		FB89D43C154C7D27001A0C11 /* SBDirection.m in Sources */ = {isa = PBXBuildFile; fileRef = D7BFA3B2151F2AD300435C80 /* SBDirection.m */; };
		FB89D43C154C7D27001A0C12 /* SBLocation.m in Sources */ = {isa = PBXBuildFile; fileRef = D76A45A1151DE19300E59146 /* SBLocation.m */; };
		FB89D43C154C7D27001A0C13 /* SBMatch.m in Sources */ = {isa = PBXBuildFile; fileRef = FB89D43C154C7D27001A0BE8 /* SBMatch.m */; };
		FB89D43C154C7D27001A0C14 /* SBMove.m in Sources */ = {isa = PBXBuildFile; fileRef = D76A459E151DE13700E59146 /* SBMove.m */; };
		FB89D43C154C7D27001A0C15 /* SBPiece.m in Sources */ = {isa = PBXBuildFile; fileRef = D7BFA390151E48A000435C7F /* SBPiece.m */; };
		FB89D43C154C7D27001A0C16 /* SBPlayer.m in Sources */ = {isa = PBXBuildFile; fileRef = FB89D43C154C7D27001A0BEF /* SBPlayer.m */; };
		FB89D43C154C7D27001A0C17 /* SBSquare.m in Sources */ = {isa = PBXBuildFile; fileRef = D76A45BA151DFD0E00E59146 /* SBSquare.m */; };
		FB89D43C154C7D27001A0C18 /* SBTriangle.m in Sources */ = {isa = PBXBuildFile; fileRef = D76A45BD151DFD1A00E59146 /* SBTriangle.m */; };
		FB89D43C154C7D27001A0C19 /* SBBoardTest.m in Sources */ = {isa = PBXBuildFile; fileRef = D7BFA3B1151F2AD300435C7F /* SBBoardTest.m */; };
		FB89D43C154C7D27001A0C1A /* SBDirectionTest.m in Sources */ = {isa = PBXBuildFile; fileRef = D7BFA3B2151F2AD300435C83 /* SBDirectionTest.m */; };
		FB89D43C154C7D27001A0C1B /* SBLocationTest.m in Sources */ = {isa = PBXBuildFile; fileRef = D76A45A4151DE30600E59146 /* SBLocationTest.m */; };
		FB89D43C154C7D27001A0C1C /* SBMatchTest.m in Sources */ = {isa = PBXBuildFile; fileRef = FB89D43C154C7D27001A0BEB /* SBMatchTest.m */; };
		FB89D43C154C7D27001A0C1D /* SBMoveTest.m in Sources */ = {isa = PBXBuildFile; fileRef = D76A45A7151DE43300E59146 /* SBMoveTest.m */; };
		FB89D43C154C7D27001A0C1E /* SBPieceTest.m in Sources */ = {isa = PBXBuildFile; fileRef = D73965B1151FB10600118094 /* SBPieceTest.m */; };
		FB89D43C154C7D27001A0C1F /* SBPlayerTest.m in Sources */ = {isa = PBXBuildFile; fileRef = FB89D43C154C7D27001A0BF2 /* SBPlayerTest.m */; };
		FB89D43C154C7D27001A0C22 /* Localizable.strings in Resources */ = {isa = PBXBuildFile; fileRef = FB89D43C154C7D27001A0C21 /* Localizable.strings */; };
		FB89D43C154C7D27001A0C25 /* SBFlipsideViewController.m in Sources */ = {isa = PBXBuildFile; fileRef = FB89D43C154C7D27001A0C24 /* SBFlipsideViewController.m */; };
		FB89D43C154C7D27001A0C28 /* SBMainViewController.m in Sources */ = {isa = PBXBuildFile; fileRef = FB89D43C154C7D27001A0C27 /* SBMainViewController.m */; };
		FB89D43C154C7D27001A0C2C /* SBAlertView.m in Sources */ = {isa = PBXBuildFile; fileRef = FB89D43C154C7D27001A0C2B /* SBAlertView.m */; };
		FB89D43C154C7D27001A0C2E /* SBMatchService.m in Sources */ = {isa = PBXBuildFile; fileRef = FB89D43C154C7D27001A0C2D /* SBMatchService.m */; };
		FB89D43C154C7D27001A0C31 /* SBMatchServiceTest.m in Sources */ = {isa = PBXBuildFile; fileRef = FB89D43C154C7D27001A0C30 /* SBMatchServiceTest.m */; };
/* End PBXBuildFile section */

/* Begin PBXBuildRule section */
		D7198649155D726500349052 /* PBXBuildRule */ = {
			isa = PBXBuildRule;
			compilerSpec = com.apple.compilers.proxy.script;
			filePatterns = "*.md";
			fileType = pattern.proxy;
			isEditable = 1;
			outputFiles = (
				"$(DERIVED_FILES_DIR)/$(LOCALIZED_RESOURCES_FOLDER_PATH)/$(INPUT_FILE_BASE).html",
			);
			script = "$SRCROOT/Scripts/Markdown \"$INPUT_FILE_PATH\" \"$DERIVED_FILES_DIR/$LOCALIZED_RESOURCES_FOLDER_PATH/\" $INPUT_FILE_BASE.html";
		};
/* End PBXBuildRule section */

/* Begin PBXContainerItemProxy section */
		D72F23AA15C5F248006EFE0D /* PBXContainerItemProxy */ = {
			isa = PBXContainerItemProxy;
			containerPortal = D76A4558151DDC7500E59146 /* Project object */;
			proxyType = 1;
			remoteGlobalIDString = D72F239715C5F248006EFE0D;
			remoteInfo = PhageModel;
		};
		D72F243815C5F854006EFE0D /* PBXContainerItemProxy */ = {
			isa = PBXContainerItemProxy;
			containerPortal = D7BFA3B2151F2AD300435C96 /* OCMock.xcodeproj */;
			proxyType = 1;
			remoteGlobalIDString = 030EF0DB14632FF700B04273;
			remoteInfo = OCMockLib;
		};
		D74D65BD15E3127D00A69FC0 /* PBXContainerItemProxy */ = {
			isa = PBXContainerItemProxy;
			containerPortal = D76A4558151DDC7500E59146 /* Project object */;
			proxyType = 1;
			remoteGlobalIDString = D7EA255815E2EE02006081A4;
			remoteInfo = UtilsTests;
		};
		D76A458A151DDC7500E59146 /* PBXContainerItemProxy */ = {
			isa = PBXContainerItemProxy;
			containerPortal = D76A4558151DDC7500E59146 /* Project object */;
			proxyType = 1;
			remoteGlobalIDString = D76A4560151DDC7500E59146;
			remoteInfo = Phage;
		};
		D7AE134615C7537800B8349B /* PBXContainerItemProxy */ = {
			isa = PBXContainerItemProxy;
			containerPortal = D76A4558151DDC7500E59146 /* Project object */;
			proxyType = 1;
			remoteGlobalIDString = D72F23A515C5F248006EFE0D;
			remoteInfo = PhageModelTests;
		};
		D7BFA3B2151F2AD300435C98 /* PBXContainerItemProxy */ = {
			isa = PBXContainerItemProxy;
			containerPortal = D7BFA3B2151F2AD300435C96 /* OCMock.xcodeproj */;
			proxyType = 2;
			remoteGlobalIDString = C261C41900CBF58881DC6AAB;
			remoteInfo = OCMock;
		};
		D7BFA3B2151F2AD300435C9A /* PBXContainerItemProxy */ = {
			isa = PBXContainerItemProxy;
			containerPortal = D7BFA3B2151F2AD300435C96 /* OCMock.xcodeproj */;
			proxyType = 2;
			remoteGlobalIDString = 4E394F653F74C21AE92D3AED;
			remoteInfo = OCMockTests;
		};
		D7BFA3B2151F2AD300435C9C /* PBXContainerItemProxy */ = {
			isa = PBXContainerItemProxy;
			containerPortal = D7BFA3B2151F2AD300435C96 /* OCMock.xcodeproj */;
			proxyType = 2;
			remoteGlobalIDString = 703B41BCFDCDF5DBF0D09A25;
			remoteInfo = OCMockLib;
		};
		D7EA255D15E2EE02006081A4 /* PBXContainerItemProxy */ = {
			isa = PBXContainerItemProxy;
			containerPortal = D76A4558151DDC7500E59146 /* Project object */;
			proxyType = 1;
			remoteGlobalIDString = D7EA254A15E2EE02006081A4;
			remoteInfo = Utils;
		};
		D7EA257215E2EEDA006081A4 /* PBXContainerItemProxy */ = {
			isa = PBXContainerItemProxy;
			containerPortal = D76A4558151DDC7500E59146 /* Project object */;
			proxyType = 1;
			remoteGlobalIDString = D7EA255815E2EE02006081A4;
			remoteInfo = UtilsTests;
		};
/* End PBXContainerItemProxy section */

/* Begin PBXCopyFilesBuildPhase section */
		D72F239615C5F248006EFE0D /* CopyFiles */ = {
			isa = PBXCopyFilesBuildPhase;
			buildActionMask = 2147483647;
			dstPath = "include/${PRODUCT_NAME}";
			dstSubfolderSpec = 16;
			files = (
				D72F239E15C5F248006EFE0D /* PhageModel.h in CopyFiles */,
			);
			runOnlyForDeploymentPostprocessing = 0;
		};
		D7EA254915E2EE02006081A4 /* CopyFiles */ = {
			isa = PBXCopyFilesBuildPhase;
			buildActionMask = 2147483647;
			dstPath = "include/${PRODUCT_NAME}";
			dstSubfolderSpec = 16;
			files = (
				F8D049201306801F4FC99BA2 /* NSArray+Utils.h in CopyFiles */,
			);
			runOnlyForDeploymentPostprocessing = 0;
		};
/* End PBXCopyFilesBuildPhase section */

/* Begin PBXFileReference section */
		536BE853153E17F000750F54 /* QuartzCore.framework */ = {isa = PBXFileReference; lastKnownFileType = wrapper.framework; name = QuartzCore.framework; path = System/Library/Frameworks/QuartzCore.framework; sourceTree = SDKROOT; };
		D719864E155D78BB00349052 /* HowToPlay.md */ = {isa = PBXFileReference; lastKnownFileType = text; name = HowToPlay.md; path = en.lproj/HowToPlay.md; sourceTree = "<group>"; };
		D72F239815C5F248006EFE0D /* libPhageModel.a */ = {isa = PBXFileReference; explicitFileType = archive.ar; includeInIndex = 0; path = libPhageModel.a; sourceTree = BUILT_PRODUCTS_DIR; };
		D72F239C15C5F248006EFE0D /* PhageModel-Prefix.pch */ = {isa = PBXFileReference; lastKnownFileType = sourcecode.c.h; path = "PhageModel-Prefix.pch"; sourceTree = "<group>"; };
		D72F239D15C5F248006EFE0D /* PhageModel.h */ = {isa = PBXFileReference; lastKnownFileType = sourcecode.c.h; path = PhageModel.h; sourceTree = "<group>"; };
		D72F23A615C5F248006EFE0D /* PhageModelTests.octest */ = {isa = PBXFileReference; explicitFileType = wrapper.cfbundle; includeInIndex = 0; path = PhageModelTests.octest; sourceTree = BUILT_PRODUCTS_DIR; };
		D72F23AF15C5F248006EFE0D /* PhageModelTests-Info.plist */ = {isa = PBXFileReference; lastKnownFileType = text.plist.xml; path = "PhageModelTests-Info.plist"; sourceTree = "<group>"; };
		D72F23B115C5F248006EFE0D /* en */ = {isa = PBXFileReference; lastKnownFileType = text.plist.strings; name = en; path = en.lproj/InfoPlist.strings; sourceTree = "<group>"; };
		D73965B1151FB10600118094 /* SBPieceTest.m */ = {isa = PBXFileReference; fileEncoding = 4; lastKnownFileType = sourcecode.c.objc; path = SBPieceTest.m; sourceTree = "<group>"; };
		D755A48A15320B53003BB704 /* GameKit.framework */ = {isa = PBXFileReference; lastKnownFileType = wrapper.framework; name = GameKit.framework; path = System/Library/Frameworks/GameKit.framework; sourceTree = SDKROOT; };
		D76A4561151DDC7500E59146 /* Phage.app */ = {isa = PBXFileReference; explicitFileType = wrapper.application; includeInIndex = 0; path = Phage.app; sourceTree = BUILT_PRODUCTS_DIR; };
		D76A4565151DDC7500E59146 /* UIKit.framework */ = {isa = PBXFileReference; lastKnownFileType = wrapper.framework; name = UIKit.framework; path = System/Library/Frameworks/UIKit.framework; sourceTree = SDKROOT; };
		D76A4567151DDC7500E59146 /* Foundation.framework */ = {isa = PBXFileReference; lastKnownFileType = wrapper.framework; name = Foundation.framework; path = System/Library/Frameworks/Foundation.framework; sourceTree = SDKROOT; };
		D76A4569151DDC7500E59146 /* CoreGraphics.framework */ = {isa = PBXFileReference; lastKnownFileType = wrapper.framework; name = CoreGraphics.framework; path = System/Library/Frameworks/CoreGraphics.framework; sourceTree = SDKROOT; };
		D76A456D151DDC7500E59146 /* Phage-Info.plist */ = {isa = PBXFileReference; lastKnownFileType = text.plist.xml; path = "Phage-Info.plist"; sourceTree = "<group>"; };
		D76A456F151DDC7500E59146 /* en */ = {isa = PBXFileReference; lastKnownFileType = text.plist.strings; name = en; path = en.lproj/InfoPlist.strings; sourceTree = "<group>"; };
		D76A4571151DDC7500E59146 /* main.m */ = {isa = PBXFileReference; lastKnownFileType = sourcecode.c.objc; path = main.m; sourceTree = "<group>"; };
		D76A4573151DDC7500E59146 /* Phage-Prefix.pch */ = {isa = PBXFileReference; lastKnownFileType = sourcecode.c.h; path = "Phage-Prefix.pch"; sourceTree = "<group>"; };
		D76A4574151DDC7500E59146 /* SBAppDelegate.h */ = {isa = PBXFileReference; lastKnownFileType = sourcecode.c.h; path = SBAppDelegate.h; sourceTree = "<group>"; };
		D76A4575151DDC7500E59146 /* SBAppDelegate.m */ = {isa = PBXFileReference; lastKnownFileType = sourcecode.c.objc; path = SBAppDelegate.m; sourceTree = "<group>"; };
		D76A4578151DDC7500E59146 /* en */ = {isa = PBXFileReference; lastKnownFileType = file.storyboard; name = en; path = en.lproj/MainStoryboard_iPhone.storyboard; sourceTree = "<group>"; };
		D76A457B151DDC7500E59146 /* en */ = {isa = PBXFileReference; lastKnownFileType = file.storyboard; name = en; path = en.lproj/MainStoryboard_iPad.storyboard; sourceTree = "<group>"; };
		D76A457D151DDC7500E59146 /* SBMatchViewController.h */ = {isa = PBXFileReference; lastKnownFileType = sourcecode.c.h; path = SBMatchViewController.h; sourceTree = "<group>"; };
		D76A457E151DDC7500E59146 /* SBMatchViewController.m */ = {isa = PBXFileReference; lastKnownFileType = sourcecode.c.objc; path = SBMatchViewController.m; sourceTree = "<group>"; };
		D76A4585151DDC7500E59146 /* PhageTests.octest */ = {isa = PBXFileReference; explicitFileType = wrapper.cfbundle; includeInIndex = 0; path = PhageTests.octest; sourceTree = BUILT_PRODUCTS_DIR; };
		D76A4586151DDC7500E59146 /* SenTestingKit.framework */ = {isa = PBXFileReference; lastKnownFileType = wrapper.framework; name = SenTestingKit.framework; path = Library/Frameworks/SenTestingKit.framework; sourceTree = DEVELOPER_DIR; };
		D76A458E151DDC7500E59146 /* PhageTests-Info.plist */ = {isa = PBXFileReference; lastKnownFileType = text.plist.xml; path = "PhageTests-Info.plist"; sourceTree = "<group>"; };
		D76A4590151DDC7500E59146 /* en */ = {isa = PBXFileReference; lastKnownFileType = text.plist.strings; name = en; path = en.lproj/InfoPlist.strings; sourceTree = "<group>"; };
		D76A459D151DE13700E59146 /* SBMove.h */ = {isa = PBXFileReference; fileEncoding = 4; lastKnownFileType = sourcecode.c.h; path = SBMove.h; sourceTree = "<group>"; };
		D76A459E151DE13700E59146 /* SBMove.m */ = {isa = PBXFileReference; fileEncoding = 4; lastKnownFileType = sourcecode.c.objc; path = SBMove.m; sourceTree = "<group>"; };
		D76A45A0151DE19300E59146 /* SBLocation.h */ = {isa = PBXFileReference; fileEncoding = 4; lastKnownFileType = sourcecode.c.h; path = SBLocation.h; sourceTree = "<group>"; };
		D76A45A1151DE19300E59146 /* SBLocation.m */ = {isa = PBXFileReference; fileEncoding = 4; lastKnownFileType = sourcecode.c.objc; path = SBLocation.m; sourceTree = "<group>"; };
		D76A45A4151DE30600E59146 /* SBLocationTest.m */ = {isa = PBXFileReference; fileEncoding = 4; lastKnownFileType = sourcecode.c.objc; path = SBLocationTest.m; sourceTree = "<group>"; };
		D76A45A7151DE43300E59146 /* SBMoveTest.m */ = {isa = PBXFileReference; fileEncoding = 4; lastKnownFileType = sourcecode.c.objc; path = SBMoveTest.m; sourceTree = "<group>"; };
		D76A45B2151DFC2B00E59146 /* SBPiece.h */ = {isa = PBXFileReference; fileEncoding = 4; lastKnownFileType = sourcecode.c.h; path = SBPiece.h; sourceTree = "<group>"; };
		D76A45B3151DFC4700E59146 /* SBCircle.h */ = {isa = PBXFileReference; fileEncoding = 4; lastKnownFileType = sourcecode.c.h; path = SBCircle.h; sourceTree = "<group>"; };
		D76A45B4151DFC4700E59146 /* SBCircle.m */ = {isa = PBXFileReference; fileEncoding = 4; lastKnownFileType = sourcecode.c.objc; path = SBCircle.m; sourceTree = "<group>"; };
		D76A45B6151DFD0000E59146 /* SBDiamond.h */ = {isa = PBXFileReference; fileEncoding = 4; lastKnownFileType = sourcecode.c.h; path = SBDiamond.h; sourceTree = "<group>"; };
		D76A45B7151DFD0000E59146 /* SBDiamond.m */ = {isa = PBXFileReference; fileEncoding = 4; lastKnownFileType = sourcecode.c.objc; path = SBDiamond.m; sourceTree = "<group>"; };
		D76A45B9151DFD0E00E59146 /* SBSquare.h */ = {isa = PBXFileReference; fileEncoding = 4; lastKnownFileType = sourcecode.c.h; path = SBSquare.h; sourceTree = "<group>"; };
		D76A45BA151DFD0E00E59146 /* SBSquare.m */ = {isa = PBXFileReference; fileEncoding = 4; lastKnownFileType = sourcecode.c.objc; path = SBSquare.m; sourceTree = "<group>"; };
		D76A45BC151DFD1A00E59146 /* SBTriangle.h */ = {isa = PBXFileReference; fileEncoding = 4; lastKnownFileType = sourcecode.c.h; path = SBTriangle.h; sourceTree = "<group>"; };
		D76A45BD151DFD1A00E59146 /* SBTriangle.m */ = {isa = PBXFileReference; fileEncoding = 4; lastKnownFileType = sourcecode.c.objc; path = SBTriangle.m; sourceTree = "<group>"; };
		D77E0C8215DD88430004EFAF /* SBMatchMakerViewController.h */ = {isa = PBXFileReference; fileEncoding = 4; lastKnownFileType = sourcecode.c.h; path = SBMatchMakerViewController.h; sourceTree = "<group>"; };
		D77E0C8315DD88430004EFAF /* SBMatchMakerViewController.m */ = {isa = PBXFileReference; fileEncoding = 4; lastKnownFileType = sourcecode.c.objc; path = SBMatchMakerViewController.m; sourceTree = "<group>"; };
		D7BFA390151E48A000435C7F /* SBPiece.m */ = {isa = PBXFileReference; fileEncoding = 4; lastKnownFileType = sourcecode.c.objc; path = SBPiece.m; sourceTree = "<group>"; };
		D7BFA3AD151F108100435C7F /* SBBoard.h */ = {isa = PBXFileReference; fileEncoding = 4; lastKnownFileType = sourcecode.c.h; path = SBBoard.h; sourceTree = "<group>"; };
		D7BFA3AE151F108100435C7F /* SBBoard.m */ = {isa = PBXFileReference; fileEncoding = 4; lastKnownFileType = sourcecode.c.objc; path = SBBoard.m; sourceTree = "<group>"; };
		D7BFA3B1151F2AD300435C7F /* SBBoardTest.m */ = {isa = PBXFileReference; fileEncoding = 4; lastKnownFileType = sourcecode.c.objc; path = SBBoardTest.m; sourceTree = "<group>"; };
		D7BFA3B2151F2AD300435C80 /* SBDirection.m */ = {isa = PBXFileReference; fileEncoding = 4; lastKnownFileType = sourcecode.c.objc; path = SBDirection.m; sourceTree = "<group>"; };
		D7BFA3B2151F2AD300435C82 /* SBDirection.h */ = {isa = PBXFileReference; fileEncoding = 4; lastKnownFileType = sourcecode.c.h; path = SBDirection.h; sourceTree = "<group>"; };
		D7BFA3B2151F2AD300435C83 /* SBDirectionTest.m */ = {isa = PBXFileReference; fileEncoding = 4; lastKnownFileType = sourcecode.c.objc; path = SBDirectionTest.m; sourceTree = "<group>"; };
		D7BFA3B2151F2AD300435C88 /* SBOpponentMobilityMinimisingMovePicker.m */ = {isa = PBXFileReference; fileEncoding = 4; lastKnownFileType = sourcecode.c.objc; path = SBOpponentMobilityMinimisingMovePicker.m; sourceTree = "<group>"; };
		D7BFA3B2151F2AD300435C8A /* SBOpponentMobilityMinimisingMovePicker.h */ = {isa = PBXFileReference; fileEncoding = 4; lastKnownFileType = sourcecode.c.h; path = SBOpponentMobilityMinimisingMovePicker.h; sourceTree = "<group>"; };
		D7BFA3B2151F2AD300435C8B /* SBOpponentMobilityMinimisingMovePickerTest.m */ = {isa = PBXFileReference; fileEncoding = 4; lastKnownFileType = sourcecode.c.objc; path = SBOpponentMobilityMinimisingMovePickerTest.m; sourceTree = "<group>"; };
		D7BFA3B2151F2AD300435C91 /* SBMatchView.h */ = {isa = PBXFileReference; fileEncoding = 4; lastKnownFileType = sourcecode.c.h; path = SBMatchView.h; sourceTree = "<group>"; };
		D7BFA3B2151F2AD300435C92 /* SBMatchView.m */ = {isa = PBXFileReference; fileEncoding = 4; lastKnownFileType = sourcecode.c.objc; path = SBMatchView.m; sourceTree = "<group>"; };
		D7BFA3B2151F2AD300435C94 /* chess-640x640.jpg */ = {isa = PBXFileReference; lastKnownFileType = image.jpeg; path = "chess-640x640.jpg"; sourceTree = "<group>"; };
		D7BFA3B2151F2AD300435C96 /* OCMock.xcodeproj */ = {isa = PBXFileReference; lastKnownFileType = "wrapper.pb-project"; name = OCMock.xcodeproj; path = libs/ocmock/Source/OCMock.xcodeproj; sourceTree = "<group>"; };
		D7DD0D2915E4475100103EE4 /* SBBoardView.h */ = {isa = PBXFileReference; fileEncoding = 4; lastKnownFileType = sourcecode.c.h; path = SBBoardView.h; sourceTree = "<group>"; };
		D7DD0D2A15E4475100103EE4 /* SBBoardView.m */ = {isa = PBXFileReference; fileEncoding = 4; lastKnownFileType = sourcecode.c.objc; path = SBBoardView.m; sourceTree = "<group>"; };
		D7EA254B15E2EE02006081A4 /* libUtils.a */ = {isa = PBXFileReference; explicitFileType = archive.ar; includeInIndex = 0; path = libUtils.a; sourceTree = BUILT_PRODUCTS_DIR; };
		D7EA254F15E2EE02006081A4 /* Utils-Prefix.pch */ = {isa = PBXFileReference; lastKnownFileType = sourcecode.c.h; path = "Utils-Prefix.pch"; sourceTree = "<group>"; };
		D7EA255915E2EE02006081A4 /* UtilsTests.octest */ = {isa = PBXFileReference; explicitFileType = wrapper.cfbundle; includeInIndex = 0; path = UtilsTests.octest; sourceTree = BUILT_PRODUCTS_DIR; };
		D7EA256215E2EE02006081A4 /* UtilsTests-Info.plist */ = {isa = PBXFileReference; lastKnownFileType = text.plist.xml; path = "UtilsTests-Info.plist"; sourceTree = "<group>"; };
		D7EA256415E2EE02006081A4 /* en */ = {isa = PBXFileReference; lastKnownFileType = text.plist.strings; name = en; path = en.lproj/InfoPlist.strings; sourceTree = "<group>"; };
		D7EA256715E2EE02006081A4 /* NSArrayUtilsTest.m */ = {isa = PBXFileReference; lastKnownFileType = sourcecode.c.objc; path = NSArrayUtilsTest.m; sourceTree = "<group>"; };
		D7FDA3A1156DAA4700E65C5E /* libz.dylib */ = {isa = PBXFileReference; lastKnownFileType = "compiled.mach-o.dylib"; name = libz.dylib; path = usr/lib/libz.dylib; sourceTree = SDKROOT; };
		D7FDA3A3156DAA8F00E65C5E /* libTestFlight.a */ = {isa = PBXFileReference; lastKnownFileType = archive.ar; name = libTestFlight.a; path = libs/TestFlight/libTestFlight.a; sourceTree = "<group>"; };
		F8D04072CA6DA6FF14E35B40 /* SBCellView.h */ = {isa = PBXFileReference; fileEncoding = 4; lastKnownFileType = sourcecode.c.h; path = SBCellView.h; sourceTree = "<group>"; };
		F8D04129838B653D03F76144 /* SBPieceView.m */ = {isa = PBXFileReference; fileEncoding = 4; lastKnownFileType = sourcecode.c.objc; path = SBPieceView.m; sourceTree = "<group>"; };
		F8D041465C485CAD621B1C32 /* SouthTriangle.png */ = {isa = PBXFileReference; lastKnownFileType = image.png; path = SouthTriangle.png; sourceTree = "<group>"; };
		F8D0436A282EB47C819143D8 /* SouthCircle.png */ = {isa = PBXFileReference; lastKnownFileType = image.png; path = SouthCircle.png; sourceTree = "<group>"; };
		F8D04440E13E946BC7E8DEC2 /* SBCellView.m */ = {isa = PBXFileReference; fileEncoding = 4; lastKnownFileType = sourcecode.c.objc; path = SBCellView.m; sourceTree = "<group>"; };
		F8D045227BFF000469526CE1 /* SouthDiamond.png */ = {isa = PBXFileReference; lastKnownFileType = image.png; path = SouthDiamond.png; sourceTree = "<group>"; };
		F8D0469ABCAA9ECE9023B1F9 /* SBPieceView.h */ = {isa = PBXFileReference; fileEncoding = 4; lastKnownFileType = sourcecode.c.h; path = SBPieceView.h; sourceTree = "<group>"; };
		F8D047EC9CA8AF7E7320B150 /* SouthSquare.png */ = {isa = PBXFileReference; lastKnownFileType = image.png; path = SouthSquare.png; sourceTree = "<group>"; };
		F8D0485D2A145F89AE4B1F8F /* Blocked.png */ = {isa = PBXFileReference; lastKnownFileType = image.png; path = Blocked.png; sourceTree = "<group>"; };
		F8D049E7B11F27F102F6CBDE /* SBMatchLookupViewController.m */ = {isa = PBXFileReference; fileEncoding = 4; lastKnownFileType = sourcecode.c.objc; path = SBMatchLookupViewController.m; sourceTree = "<group>"; };
		F8D04A5E3FC58C124F077A44 /* SBMatchLookupViewController.h */ = {isa = PBXFileReference; fileEncoding = 4; lastKnownFileType = sourcecode.c.h; path = SBMatchLookupViewController.h; sourceTree = "<group>"; };
		F8D04C00F2FECB24B1334BB5 /* NSArray+Utils.m */ = {isa = PBXFileReference; fileEncoding = 4; lastKnownFileType = sourcecode.c.objc; path = "NSArray+Utils.m"; sourceTree = "<group>"; };
		F8D04C837D03B145DB351D2F /* NorthTriangle.png */ = {isa = PBXFileReference; lastKnownFileType = image.png; path = NorthTriangle.png; sourceTree = "<group>"; };
		F8D04D7C9C0ACA6769F30D6F /* NorthSquare.png */ = {isa = PBXFileReference; lastKnownFileType = image.png; path = NorthSquare.png; sourceTree = "<group>"; };
		F8D04DB6B26461C4B5A120AB /* NorthCircle.png */ = {isa = PBXFileReference; lastKnownFileType = image.png; path = NorthCircle.png; sourceTree = "<group>"; };
		F8D04E9A1DE46C44EEFEEE7D /* NSArray+Utils.h */ = {isa = PBXFileReference; fileEncoding = 4; lastKnownFileType = sourcecode.c.h; path = "NSArray+Utils.h"; sourceTree = "<group>"; };
		F8D04F5489774187AD134A8F /* NorthDiamond.png */ = {isa = PBXFileReference; lastKnownFileType = image.png; path = NorthDiamond.png; sourceTree = "<group>"; };
		FB89D43C154C7D27001A0BA1 /* SBPieceLayer.m */ = {isa = PBXFileReference; fileEncoding = 4; lastKnownFileType = sourcecode.c.objc; path = SBPieceLayer.m; sourceTree = "<group>"; };
		FB89D43C154C7D27001A0BA3 /* SBPieceLayer.h */ = {isa = PBXFileReference; fileEncoding = 4; lastKnownFileType = sourcecode.c.h; path = SBPieceLayer.h; sourceTree = "<group>"; };
		FB89D43C154C7D27001A0BA7 /* SBCellLayer.m */ = {isa = PBXFileReference; fileEncoding = 4; lastKnownFileType = sourcecode.c.objc; path = SBCellLayer.m; sourceTree = "<group>"; };
		FB89D43C154C7D27001A0BA9 /* SBCellLayer.h */ = {isa = PBXFileReference; fileEncoding = 4; lastKnownFileType = sourcecode.c.h; path = SBCellLayer.h; sourceTree = "<group>"; };
		FB89D43C154C7D27001A0BCF /* SBMatchViewControllerState.m */ = {isa = PBXFileReference; fileEncoding = 4; lastKnownFileType = sourcecode.c.objc; path = SBMatchViewControllerState.m; sourceTree = "<group>"; };
		FB89D43C154C7D27001A0BD1 /* SBMatchViewControllerState.h */ = {isa = PBXFileReference; fileEncoding = 4; lastKnownFileType = sourcecode.c.h; path = SBMatchViewControllerState.h; sourceTree = "<group>"; };
		FB89D43C154C7D27001A0BD2 /* SBMatchViewControllerStateReadonly.m */ = {isa = PBXFileReference; fileEncoding = 4; lastKnownFileType = sourcecode.c.objc; path = SBMatchViewControllerStateReadonly.m; sourceTree = "<group>"; };
		FB89D43C154C7D27001A0BD4 /* SBMatchViewControllerStateReadonly.h */ = {isa = PBXFileReference; fileEncoding = 4; lastKnownFileType = sourcecode.c.h; path = SBMatchViewControllerStateReadonly.h; sourceTree = "<group>"; };
		FB89D43C154C7D27001A0BD5 /* SBMatchViewControllerStateUnselected.m */ = {isa = PBXFileReference; fileEncoding = 4; lastKnownFileType = sourcecode.c.objc; path = SBMatchViewControllerStateUnselected.m; sourceTree = "<group>"; };
		FB89D43C154C7D27001A0BD7 /* SBMatchViewControllerStateUnselected.h */ = {isa = PBXFileReference; fileEncoding = 4; lastKnownFileType = sourcecode.c.h; path = SBMatchViewControllerStateUnselected.h; sourceTree = "<group>"; };
		FB89D43C154C7D27001A0BD8 /* SBMatchViewControllerStateSelected.m */ = {isa = PBXFileReference; fileEncoding = 4; lastKnownFileType = sourcecode.c.objc; path = SBMatchViewControllerStateSelected.m; sourceTree = "<group>"; };
		FB89D43C154C7D27001A0BDA /* SBMatchViewControllerStateSelected.h */ = {isa = PBXFileReference; fileEncoding = 4; lastKnownFileType = sourcecode.c.h; path = SBMatchViewControllerStateSelected.h; sourceTree = "<group>"; };
		FB89D43C154C7D27001A0BDB /* SBMatchViewControllerStateConfirm.m */ = {isa = PBXFileReference; fileEncoding = 4; lastKnownFileType = sourcecode.c.objc; path = SBMatchViewControllerStateConfirm.m; sourceTree = "<group>"; };
		FB89D43C154C7D27001A0BDD /* SBMatchViewControllerStateConfirm.h */ = {isa = PBXFileReference; fileEncoding = 4; lastKnownFileType = sourcecode.c.h; path = SBMatchViewControllerStateConfirm.h; sourceTree = "<group>"; };
		FB89D43C154C7D27001A0BDE /* SBMatchViewControllerStateGameOver.m */ = {isa = PBXFileReference; fileEncoding = 4; lastKnownFileType = sourcecode.c.objc; path = SBMatchViewControllerStateGameOver.m; sourceTree = "<group>"; };
		FB89D43C154C7D27001A0BE0 /* SBMatchViewControllerStateGameOver.h */ = {isa = PBXFileReference; fileEncoding = 4; lastKnownFileType = sourcecode.c.h; path = SBMatchViewControllerStateGameOver.h; sourceTree = "<group>"; };
		FB89D43C154C7D27001A0BE1 /* SBMatchViewControllerStateHint.m */ = {isa = PBXFileReference; fileEncoding = 4; lastKnownFileType = sourcecode.c.objc; path = SBMatchViewControllerStateHint.m; sourceTree = "<group>"; };
		FB89D43C154C7D27001A0BE3 /* SBMatchViewControllerStateHint.h */ = {isa = PBXFileReference; fileEncoding = 4; lastKnownFileType = sourcecode.c.h; path = SBMatchViewControllerStateHint.h; sourceTree = "<group>"; };
		FB89D43C154C7D27001A0BE4 /* SBMatchViewControllerStateDragged.m */ = {isa = PBXFileReference; fileEncoding = 4; lastKnownFileType = sourcecode.c.objc; path = SBMatchViewControllerStateDragged.m; sourceTree = "<group>"; };
		FB89D43C154C7D27001A0BE6 /* SBMatchViewControllerStateDragged.h */ = {isa = PBXFileReference; fileEncoding = 4; lastKnownFileType = sourcecode.c.h; path = SBMatchViewControllerStateDragged.h; sourceTree = "<group>"; };
		FB89D43C154C7D27001A0BE8 /* SBMatch.m */ = {isa = PBXFileReference; fileEncoding = 4; lastKnownFileType = sourcecode.c.objc; path = SBMatch.m; sourceTree = "<group>"; };
		FB89D43C154C7D27001A0BEA /* SBMatch.h */ = {isa = PBXFileReference; fileEncoding = 4; lastKnownFileType = sourcecode.c.h; path = SBMatch.h; sourceTree = "<group>"; };
		FB89D43C154C7D27001A0BEB /* SBMatchTest.m */ = {isa = PBXFileReference; fileEncoding = 4; lastKnownFileType = sourcecode.c.objc; path = SBMatchTest.m; sourceTree = "<group>"; };
		FB89D43C154C7D27001A0BEF /* SBPlayer.m */ = {isa = PBXFileReference; fileEncoding = 4; lastKnownFileType = sourcecode.c.objc; path = SBPlayer.m; sourceTree = "<group>"; };
		FB89D43C154C7D27001A0BF1 /* SBPlayer.h */ = {isa = PBXFileReference; fileEncoding = 4; lastKnownFileType = sourcecode.c.h; path = SBPlayer.h; sourceTree = "<group>"; };
		FB89D43C154C7D27001A0BF2 /* SBPlayerTest.m */ = {isa = PBXFileReference; fileEncoding = 4; lastKnownFileType = sourcecode.c.objc; path = SBPlayerTest.m; sourceTree = "<group>"; };
		FB89D43C154C7D27001A0BF4 /* SBAnimationCompletionHandler.m */ = {isa = PBXFileReference; fileEncoding = 4; lastKnownFileType = sourcecode.c.objc; path = SBAnimationCompletionHandler.m; sourceTree = "<group>"; };
		FB89D43C154C7D27001A0BF6 /* SBAnimationCompletionHandler.h */ = {isa = PBXFileReference; fileEncoding = 4; lastKnownFileType = sourcecode.c.h; path = SBAnimationCompletionHandler.h; sourceTree = "<group>"; };
		FB89D43C154C7D27001A0BFA /* SBBotTurnEventHandler.h */ = {isa = PBXFileReference; fileEncoding = 4; lastKnownFileType = sourcecode.c.h; path = SBBotTurnEventHandler.h; sourceTree = "<group>"; };
		FB89D43C154C7D27001A0BFB /* SBBotTurnEventHandler.m */ = {isa = PBXFileReference; fileEncoding = 4; lastKnownFileType = sourcecode.c.objc; path = SBBotTurnEventHandler.m; sourceTree = "<group>"; };
		FB89D43C154C7D27001A0BFE /* SBPiece+Drawing.m */ = {isa = PBXFileReference; fileEncoding = 4; lastKnownFileType = sourcecode.c.objc; path = "SBPiece+Drawing.m"; sourceTree = "<group>"; };
		FB89D43C154C7D27001A0C00 /* SBPiece+Drawing.h */ = {isa = PBXFileReference; fileEncoding = 4; lastKnownFileType = sourcecode.c.h; path = "SBPiece+Drawing.h"; sourceTree = "<group>"; };
		FB89D43C154C7D27001A0C06 /* SBCircle+Drawing.m */ = {isa = PBXFileReference; fileEncoding = 4; lastKnownFileType = sourcecode.c.objc; path = "SBCircle+Drawing.m"; sourceTree = "<group>"; };
		FB89D43C154C7D27001A0C08 /* SBDiamond+Drawing.m */ = {isa = PBXFileReference; fileEncoding = 4; lastKnownFileType = sourcecode.c.objc; path = "SBDiamond+Drawing.m"; sourceTree = "<group>"; };
		FB89D43C154C7D27001A0C0A /* SBSquare+Drawing.m */ = {isa = PBXFileReference; fileEncoding = 4; lastKnownFileType = sourcecode.c.objc; path = "SBSquare+Drawing.m"; sourceTree = "<group>"; };
		FB89D43C154C7D27001A0C0C /* SBTriangle+Drawing.m */ = {isa = PBXFileReference; fileEncoding = 4; lastKnownFileType = sourcecode.c.objc; path = "SBTriangle+Drawing.m"; sourceTree = "<group>"; };
		FB89D43C154C7D27001A0C20 /* Localizable.strings */ = {isa = PBXFileReference; fileEncoding = 4; lastKnownFileType = text.plist.strings; name = Localizable.strings; path = en.lproj/Localizable.strings; sourceTree = "<group>"; };
		FB89D43C154C7D27001A0C23 /* SBFlipsideViewController.h */ = {isa = PBXFileReference; fileEncoding = 4; lastKnownFileType = sourcecode.c.h; path = SBFlipsideViewController.h; sourceTree = "<group>"; };
		FB89D43C154C7D27001A0C24 /* SBFlipsideViewController.m */ = {isa = PBXFileReference; fileEncoding = 4; lastKnownFileType = sourcecode.c.objc; path = SBFlipsideViewController.m; sourceTree = "<group>"; };
		FB89D43C154C7D27001A0C26 /* SBMainViewController.h */ = {isa = PBXFileReference; fileEncoding = 4; lastKnownFileType = sourcecode.c.h; path = SBMainViewController.h; sourceTree = "<group>"; };
		FB89D43C154C7D27001A0C27 /* SBMainViewController.m */ = {isa = PBXFileReference; fileEncoding = 4; lastKnownFileType = sourcecode.c.objc; path = SBMainViewController.m; sourceTree = "<group>"; };
		FB89D43C154C7D27001A0C2A /* SBAlertView.h */ = {isa = PBXFileReference; fileEncoding = 4; lastKnownFileType = sourcecode.c.h; path = SBAlertView.h; sourceTree = "<group>"; };
		FB89D43C154C7D27001A0C2B /* SBAlertView.m */ = {isa = PBXFileReference; fileEncoding = 4; lastKnownFileType = sourcecode.c.objc; path = SBAlertView.m; sourceTree = "<group>"; };
		FB89D43C154C7D27001A0C2D /* SBMatchService.m */ = {isa = PBXFileReference; fileEncoding = 4; lastKnownFileType = sourcecode.c.objc; path = SBMatchService.m; sourceTree = "<group>"; };
		FB89D43C154C7D27001A0C2F /* SBMatchService.h */ = {isa = PBXFileReference; fileEncoding = 4; lastKnownFileType = sourcecode.c.h; path = SBMatchService.h; sourceTree = "<group>"; };
		FB89D43C154C7D27001A0C30 /* SBMatchServiceTest.m */ = {isa = PBXFileReference; fileEncoding = 4; lastKnownFileType = sourcecode.c.objc; path = SBMatchServiceTest.m; sourceTree = "<group>"; };
/* End PBXFileReference section */

/* Begin PBXFrameworksBuildPhase section */
		D72F239515C5F248006EFE0D /* Frameworks */ = {
			isa = PBXFrameworksBuildPhase;
			buildActionMask = 2147483647;
			files = (
				D7EA257415E2EEE9006081A4 /* libUtils.a in Frameworks */,
				D72F239915C5F248006EFE0D /* Foundation.framework in Frameworks */,
			);
			runOnlyForDeploymentPostprocessing = 0;
		};
		D72F23A215C5F248006EFE0D /* Frameworks */ = {
			isa = PBXFrameworksBuildPhase;
			buildActionMask = 2147483647;
			files = (
				D72F242115C5F750006EFE0D /* libOCMock.a in Frameworks */,
				D72F23A715C5F248006EFE0D /* SenTestingKit.framework in Frameworks */,
				D72F23A815C5F248006EFE0D /* UIKit.framework in Frameworks */,
				D72F23A915C5F248006EFE0D /* Foundation.framework in Frameworks */,
				D72F23AC15C5F248006EFE0D /* libPhageModel.a in Frameworks */,
			);
			runOnlyForDeploymentPostprocessing = 0;
		};
		D76A455E151DDC7500E59146 /* Frameworks */ = {
			isa = PBXFrameworksBuildPhase;
			buildActionMask = 2147483647;
			files = (
				D74D65BF15E3128300A69FC0 /* libUtils.a in Frameworks */,
				D7AE134815C7538400B8349B /* libPhageModel.a in Frameworks */,
				D7FDA3A4156DAA8F00E65C5E /* libTestFlight.a in Frameworks */,
				D7FDA3A2156DAA4700E65C5E /* libz.dylib in Frameworks */,
				536BE854153E17F000750F54 /* QuartzCore.framework in Frameworks */,
				D755A48B15320B53003BB704 /* GameKit.framework in Frameworks */,
				D76A4566151DDC7500E59146 /* UIKit.framework in Frameworks */,
				D76A4568151DDC7500E59146 /* Foundation.framework in Frameworks */,
				D76A456A151DDC7500E59146 /* CoreGraphics.framework in Frameworks */,
			);
			runOnlyForDeploymentPostprocessing = 0;
		};
		D76A4581151DDC7500E59146 /* Frameworks */ = {
			isa = PBXFrameworksBuildPhase;
			buildActionMask = 2147483647;
			files = (
				D76A4587151DDC7500E59146 /* SenTestingKit.framework in Frameworks */,
				D76A4588151DDC7500E59146 /* UIKit.framework in Frameworks */,
				D76A4589151DDC7500E59146 /* Foundation.framework in Frameworks */,
				FB89D43C154C7D27001A0B38 /* GameKit.framework in Frameworks */,
			);
			runOnlyForDeploymentPostprocessing = 0;
		};
		D7EA254815E2EE02006081A4 /* Frameworks */ = {
			isa = PBXFrameworksBuildPhase;
			buildActionMask = 2147483647;
			files = (
				D7EA254C15E2EE02006081A4 /* Foundation.framework in Frameworks */,
			);
			runOnlyForDeploymentPostprocessing = 0;
		};
		D7EA255515E2EE02006081A4 /* Frameworks */ = {
			isa = PBXFrameworksBuildPhase;
			buildActionMask = 2147483647;
			files = (
				D7EA255A15E2EE02006081A4 /* SenTestingKit.framework in Frameworks */,
				D7EA255B15E2EE02006081A4 /* UIKit.framework in Frameworks */,
				D7EA255C15E2EE02006081A4 /* Foundation.framework in Frameworks */,
				D7EA255F15E2EE02006081A4 /* libUtils.a in Frameworks */,
			);
			runOnlyForDeploymentPostprocessing = 0;
		};
/* End PBXFrameworksBuildPhase section */

/* Begin PBXGroup section */
		D72F239A15C5F248006EFE0D /* PhageModel */ = {
			isa = PBXGroup;
			children = (
				FB89D43C154C7D27001A0C2F /* SBMatchService.h */,
				FB89D43C154C7D27001A0C2D /* SBMatchService.m */,
				D76A45BD151DFD1A00E59146 /* SBTriangle.m */,
				D76A45BC151DFD1A00E59146 /* SBTriangle.h */,
				D76A45BA151DFD0E00E59146 /* SBSquare.m */,
				D76A45B9151DFD0E00E59146 /* SBSquare.h */,
				FB89D43C154C7D27001A0BEF /* SBPlayer.m */,
				FB89D43C154C7D27001A0BF1 /* SBPlayer.h */,
				D7BFA390151E48A000435C7F /* SBPiece.m */,
				D76A45B2151DFC2B00E59146 /* SBPiece.h */,
				D76A459E151DE13700E59146 /* SBMove.m */,
				D76A459D151DE13700E59146 /* SBMove.h */,
				FB89D43C154C7D27001A0BE8 /* SBMatch.m */,
				FB89D43C154C7D27001A0BEA /* SBMatch.h */,
				D76A45A1151DE19300E59146 /* SBLocation.m */,
				D76A45A0151DE19300E59146 /* SBLocation.h */,
				D7BFA3B2151F2AD300435C80 /* SBDirection.m */,
				D7BFA3B2151F2AD300435C82 /* SBDirection.h */,
				D76A45B7151DFD0000E59146 /* SBDiamond.m */,
				D76A45B6151DFD0000E59146 /* SBDiamond.h */,
				D76A45B4151DFC4700E59146 /* SBCircle.m */,
				D76A45B3151DFC4700E59146 /* SBCircle.h */,
				D7BFA3AE151F108100435C7F /* SBBoard.m */,
				D7BFA3AD151F108100435C7F /* SBBoard.h */,
				D72F239D15C5F248006EFE0D /* PhageModel.h */,
				D72F239B15C5F248006EFE0D /* Supporting Files */,
			);
			path = PhageModel;
			sourceTree = "<group>";
		};
		D72F239B15C5F248006EFE0D /* Supporting Files */ = {
			isa = PBXGroup;
			children = (
				D72F239C15C5F248006EFE0D /* PhageModel-Prefix.pch */,
			);
			name = "Supporting Files";
			sourceTree = "<group>";
		};
		D72F23AD15C5F248006EFE0D /* PhageModelTests */ = {
			isa = PBXGroup;
			children = (
				FB89D43C154C7D27001A0C30 /* SBMatchServiceTest.m */,
				FB89D43C154C7D27001A0BF2 /* SBPlayerTest.m */,
				D73965B1151FB10600118094 /* SBPieceTest.m */,
				D76A45A7151DE43300E59146 /* SBMoveTest.m */,
				FB89D43C154C7D27001A0BEB /* SBMatchTest.m */,
				D76A45A4151DE30600E59146 /* SBLocationTest.m */,
				D7BFA3B2151F2AD300435C83 /* SBDirectionTest.m */,
				D7BFA3B1151F2AD300435C7F /* SBBoardTest.m */,
				D72F23AE15C5F248006EFE0D /* Supporting Files */,
			);
			path = PhageModelTests;
			sourceTree = "<group>";
		};
		D72F23AE15C5F248006EFE0D /* Supporting Files */ = {
			isa = PBXGroup;
			children = (
				D72F23AF15C5F248006EFE0D /* PhageModelTests-Info.plist */,
				D72F23B015C5F248006EFE0D /* InfoPlist.strings */,
			);
			name = "Supporting Files";
			sourceTree = "<group>";
		};
		D76A4556151DDC7500E59146 = {
			isa = PBXGroup;
			children = (
				D76A456B151DDC7500E59146 /* Phage */,
				D76A458C151DDC7500E59146 /* PhageTests */,
				D72F239A15C5F248006EFE0D /* PhageModel */,
				D72F23AD15C5F248006EFE0D /* PhageModelTests */,
				D7EA254D15E2EE02006081A4 /* Utils */,
				D7EA256015E2EE02006081A4 /* UtilsTests */,
				D76A4564151DDC7500E59146 /* Frameworks */,
				D76A4562151DDC7500E59146 /* Products */,
			);
			sourceTree = "<group>";
		};
		D76A4562151DDC7500E59146 /* Products */ = {
			isa = PBXGroup;
			children = (
				D76A4561151DDC7500E59146 /* Phage.app */,
				D76A4585151DDC7500E59146 /* PhageTests.octest */,
				D72F239815C5F248006EFE0D /* libPhageModel.a */,
				D72F23A615C5F248006EFE0D /* PhageModelTests.octest */,
				D7EA254B15E2EE02006081A4 /* libUtils.a */,
				D7EA255915E2EE02006081A4 /* UtilsTests.octest */,
			);
			name = Products;
			sourceTree = "<group>";
		};
		D76A4564151DDC7500E59146 /* Frameworks */ = {
			isa = PBXGroup;
			children = (
				D7FDA3A3156DAA8F00E65C5E /* libTestFlight.a */,
				D7FDA3A1156DAA4700E65C5E /* libz.dylib */,
				D7BFA3B2151F2AD300435C96 /* OCMock.xcodeproj */,
				536BE853153E17F000750F54 /* QuartzCore.framework */,
				D755A48A15320B53003BB704 /* GameKit.framework */,
				D76A4565151DDC7500E59146 /* UIKit.framework */,
				D76A4567151DDC7500E59146 /* Foundation.framework */,
				D76A4569151DDC7500E59146 /* CoreGraphics.framework */,
				D76A4586151DDC7500E59146 /* SenTestingKit.framework */,
			);
			name = Frameworks;
			sourceTree = "<group>";
		};
		D76A456B151DDC7500E59146 /* Phage */ = {
			isa = PBXGroup;
			children = (
				F8D04072CA6DA6FF14E35B40 /* SBCellView.h */,
				F8D04440E13E946BC7E8DEC2 /* SBCellView.m */,
				F8D0469ABCAA9ECE9023B1F9 /* SBPieceView.h */,
				F8D04129838B653D03F76144 /* SBPieceView.m */,
				D7DD0D2915E4475100103EE4 /* SBBoardView.h */,
				D7DD0D2A15E4475100103EE4 /* SBBoardView.m */,
				F8D049E7B11F27F102F6CBDE /* SBMatchLookupViewController.m */,
				F8D04A5E3FC58C124F077A44 /* SBMatchLookupViewController.h */,
				FB89D43C154C7D27001A0C27 /* SBMainViewController.m */,
				FB89D43C154C7D27001A0C26 /* SBMainViewController.h */,
				FB89D43C154C7D27001A0C24 /* SBFlipsideViewController.m */,
				FB89D43C154C7D27001A0C23 /* SBFlipsideViewController.h */,
				D77E0C8215DD88430004EFAF /* SBMatchMakerViewController.h */,
				D77E0C8315DD88430004EFAF /* SBMatchMakerViewController.m */,
				D76A4574151DDC7500E59146 /* SBAppDelegate.h */,
				D76A4575151DDC7500E59146 /* SBAppDelegate.m */,
				D76A4577151DDC7500E59146 /* MainStoryboard_iPhone.storyboard */,
				D76A457A151DDC7500E59146 /* MainStoryboard_iPad.storyboard */,
				D76A456C151DDC7500E59146 /* Supporting Files */,
				FB89D43C154C7D27001A0BAA /* MatchView */,
				FB89D43C154C7D27001A0BFD /* Bots */,
				FB89D43C154C7D27001A0C29 /* Utils */,
				F8D04D3552AE5D8FC2A43E1B /* Themes */,
			);
			path = Phage;
			sourceTree = "<group>";
		};
		D76A456C151DDC7500E59146 /* Supporting Files */ = {
			isa = PBXGroup;
			children = (
				FB89D43C154C7D27001A0C21 /* Localizable.strings */,
				D719864D155D78BB00349052 /* HowToPlay.md */,
				D76A456D151DDC7500E59146 /* Phage-Info.plist */,
				D76A456E151DDC7500E59146 /* InfoPlist.strings */,
				D76A4571151DDC7500E59146 /* main.m */,
				D76A4573151DDC7500E59146 /* Phage-Prefix.pch */,
			);
			name = "Supporting Files";
			sourceTree = "<group>";
		};
		D76A458C151DDC7500E59146 /* PhageTests */ = {
			isa = PBXGroup;
			children = (
				D7BFA3B2151F2AD300435C8B /* SBOpponentMobilityMinimisingMovePickerTest.m */,
				D76A458D151DDC7500E59146 /* Supporting Files */,
			);
			path = PhageTests;
			sourceTree = SOURCE_ROOT;
		};
		D76A458D151DDC7500E59146 /* Supporting Files */ = {
			isa = PBXGroup;
			children = (
				D76A458E151DDC7500E59146 /* PhageTests-Info.plist */,
				D76A458F151DDC7500E59146 /* InfoPlist.strings */,
			);
			name = "Supporting Files";
			sourceTree = "<group>";
		};
		D7BFA3B2151F2AD300435C97 /* Products */ = {
			isa = PBXGroup;
			children = (
				D7BFA3B2151F2AD300435C99 /* OCMock.framework */,
				D7BFA3B2151F2AD300435C9B /* OCMockTests.octest */,
				D7BFA3B2151F2AD300435C9D /* libOCMock.a */,
			);
			name = Products;
			sourceTree = "<group>";
		};
		D7EA254D15E2EE02006081A4 /* Utils */ = {
			isa = PBXGroup;
			children = (
				F8D04E9A1DE46C44EEFEEE7D /* NSArray+Utils.h */,
				F8D04C00F2FECB24B1334BB5 /* NSArray+Utils.m */,
				D7EA254E15E2EE02006081A4 /* Supporting Files */,
			);
			path = Utils;
			sourceTree = "<group>";
		};
		D7EA254E15E2EE02006081A4 /* Supporting Files */ = {
			isa = PBXGroup;
			children = (
				D7EA254F15E2EE02006081A4 /* Utils-Prefix.pch */,
			);
			name = "Supporting Files";
			sourceTree = "<group>";
		};
		D7EA256015E2EE02006081A4 /* UtilsTests */ = {
			isa = PBXGroup;
			children = (
				D7EA256715E2EE02006081A4 /* NSArrayUtilsTest.m */,
				D7EA256115E2EE02006081A4 /* Supporting Files */,
			);
			path = UtilsTests;
			sourceTree = "<group>";
		};
		D7EA256115E2EE02006081A4 /* Supporting Files */ = {
			isa = PBXGroup;
			children = (
				D7EA256215E2EE02006081A4 /* UtilsTests-Info.plist */,
				D7EA256315E2EE02006081A4 /* InfoPlist.strings */,
			);
			name = "Supporting Files";
			sourceTree = "<group>";
		};
		F8D04C0748688A6A7033B9E0 /* Default */ = {
			isa = PBXGroup;
			children = (
				F8D041465C485CAD621B1C32 /* SouthTriangle.png */,
				F8D047EC9CA8AF7E7320B150 /* SouthSquare.png */,
				F8D045227BFF000469526CE1 /* SouthDiamond.png */,
				F8D0436A282EB47C819143D8 /* SouthCircle.png */,
				F8D04C837D03B145DB351D2F /* NorthTriangle.png */,
				F8D04D7C9C0ACA6769F30D6F /* NorthSquare.png */,
				F8D04F5489774187AD134A8F /* NorthDiamond.png */,
				F8D04DB6B26461C4B5A120AB /* NorthCircle.png */,
				F8D0485D2A145F89AE4B1F8F /* Blocked.png */,
			);
			path = Default;
			sourceTree = "<group>";
		};
		F8D04D3552AE5D8FC2A43E1B /* Themes */ = {
			isa = PBXGroup;
			children = (
				F8D04C0748688A6A7033B9E0 /* Default */,
			);
			path = Themes;
			sourceTree = "<group>";
		};
		FB89D43C154C7D27001A0BAA /* MatchView */ = {
			isa = PBXGroup;
			children = (
				FB89D43C154C7D27001A0C08 /* SBDiamond+Drawing.m */,
				FB89D43C154C7D27001A0C0A /* SBSquare+Drawing.m */,
				FB89D43C154C7D27001A0C0C /* SBTriangle+Drawing.m */,
				FB89D43C154C7D27001A0C06 /* SBCircle+Drawing.m */,
				FB89D43C154C7D27001A0BFE /* SBPiece+Drawing.m */,
				FB89D43C154C7D27001A0C00 /* SBPiece+Drawing.h */,
				FB89D43C154C7D27001A0BF4 /* SBAnimationCompletionHandler.m */,
				FB89D43C154C7D27001A0BF6 /* SBAnimationCompletionHandler.h */,
				FB89D43C154C7D27001A0BE6 /* SBMatchViewControllerStateDragged.h */,
				FB89D43C154C7D27001A0BE4 /* SBMatchViewControllerStateDragged.m */,
				FB89D43C154C7D27001A0BE3 /* SBMatchViewControllerStateHint.h */,
				FB89D43C154C7D27001A0BE1 /* SBMatchViewControllerStateHint.m */,
				FB89D43C154C7D27001A0BE0 /* SBMatchViewControllerStateGameOver.h */,
				FB89D43C154C7D27001A0BDE /* SBMatchViewControllerStateGameOver.m */,
				FB89D43C154C7D27001A0BDD /* SBMatchViewControllerStateConfirm.h */,
				FB89D43C154C7D27001A0BDB /* SBMatchViewControllerStateConfirm.m */,
				FB89D43C154C7D27001A0BDA /* SBMatchViewControllerStateSelected.h */,
				FB89D43C154C7D27001A0BD8 /* SBMatchViewControllerStateSelected.m */,
				FB89D43C154C7D27001A0BD7 /* SBMatchViewControllerStateUnselected.h */,
				FB89D43C154C7D27001A0BD5 /* SBMatchViewControllerStateUnselected.m */,
				FB89D43C154C7D27001A0BD4 /* SBMatchViewControllerStateReadonly.h */,
				FB89D43C154C7D27001A0BD2 /* SBMatchViewControllerStateReadonly.m */,
				FB89D43C154C7D27001A0BD1 /* SBMatchViewControllerState.h */,
				FB89D43C154C7D27001A0BCF /* SBMatchViewControllerState.m */,
				D7BFA3B2151F2AD300435C94 /* chess-640x640.jpg */,
				D76A457E151DDC7500E59146 /* SBMatchViewController.m */,
				D76A457D151DDC7500E59146 /* SBMatchViewController.h */,
				D7BFA3B2151F2AD300435C92 /* SBMatchView.m */,
				D7BFA3B2151F2AD300435C91 /* SBMatchView.h */,
				FB89D43C154C7D27001A0BA1 /* SBPieceLayer.m */,
				FB89D43C154C7D27001A0BA3 /* SBPieceLayer.h */,
				FB89D43C154C7D27001A0BA7 /* SBCellLayer.m */,
				FB89D43C154C7D27001A0BA9 /* SBCellLayer.h */,
			);
			path = MatchView;
			sourceTree = "<group>";
		};
		FB89D43C154C7D27001A0BFD /* Bots */ = {
			isa = PBXGroup;
			children = (
				D7BFA3B2151F2AD300435C88 /* SBOpponentMobilityMinimisingMovePicker.m */,
				D7BFA3B2151F2AD300435C8A /* SBOpponentMobilityMinimisingMovePicker.h */,
				FB89D43C154C7D27001A0BFB /* SBBotTurnEventHandler.m */,
				FB89D43C154C7D27001A0BFA /* SBBotTurnEventHandler.h */,
			);
			path = Bots;
			sourceTree = "<group>";
		};
		FB89D43C154C7D27001A0C29 /* Utils */ = {
			isa = PBXGroup;
			children = (
				FB89D43C154C7D27001A0C2B /* SBAlertView.m */,
				FB89D43C154C7D27001A0C2A /* SBAlertView.h */,
			);
			path = Utils;
			sourceTree = "<group>";
		};
/* End PBXGroup section */

/* Begin PBXNativeTarget section */
		D72F239715C5F248006EFE0D /* PhageModel */ = {
			isa = PBXNativeTarget;
			buildConfigurationList = D72F23B615C5F248006EFE0D /* Build configuration list for PBXNativeTarget "PhageModel" */;
			buildPhases = (
				D72F239415C5F248006EFE0D /* Sources */,
				D72F239515C5F248006EFE0D /* Frameworks */,
				D72F239615C5F248006EFE0D /* CopyFiles */,
			);
			buildRules = (
			);
			dependencies = (
				D7EA257315E2EEDA006081A4 /* PBXTargetDependency */,
			);
			name = PhageModel;
			productName = PhageModel;
			productReference = D72F239815C5F248006EFE0D /* libPhageModel.a */;
			productType = "com.apple.product-type.library.static";
		};
		D72F23A515C5F248006EFE0D /* PhageModelTests */ = {
			isa = PBXNativeTarget;
			buildConfigurationList = D72F23B915C5F248006EFE0D /* Build configuration list for PBXNativeTarget "PhageModelTests" */;
			buildPhases = (
				D72F23A115C5F248006EFE0D /* Sources */,
				D72F23A215C5F248006EFE0D /* Frameworks */,
				D72F23A315C5F248006EFE0D /* Resources */,
				D72F23A415C5F248006EFE0D /* ShellScript */,
			);
			buildRules = (
			);
			dependencies = (
				D72F243915C5F854006EFE0D /* PBXTargetDependency */,
				D72F23AB15C5F248006EFE0D /* PBXTargetDependency */,
			);
			name = PhageModelTests;
			productName = PhageModelTests;
			productReference = D72F23A615C5F248006EFE0D /* PhageModelTests.octest */;
			productType = "com.apple.product-type.bundle";
		};
		D76A4560151DDC7500E59146 /* Phage */ = {
			isa = PBXNativeTarget;
			buildConfigurationList = D76A4597151DDC7500E59146 /* Build configuration list for PBXNativeTarget "Phage" */;
			buildPhases = (
				D76A455D151DDC7500E59146 /* Sources */,
				D76A455E151DDC7500E59146 /* Frameworks */,
				D76A455F151DDC7500E59146 /* Resources */,
			);
			buildRules = (
				D7198649155D726500349052 /* PBXBuildRule */,
			);
			dependencies = (
				D74D65BE15E3127D00A69FC0 /* PBXTargetDependency */,
				D7AE134715C7537800B8349B /* PBXTargetDependency */,
			);
			name = Phage;
			productName = Phage;
			productReference = D76A4561151DDC7500E59146 /* Phage.app */;
			productType = "com.apple.product-type.application";
		};
		D76A4584151DDC7500E59146 /* PhageTests */ = {
			isa = PBXNativeTarget;
			buildConfigurationList = D76A459A151DDC7500E59146 /* Build configuration list for PBXNativeTarget "PhageTests" */;
			buildPhases = (
				D76A4580151DDC7500E59146 /* Sources */,
				D76A4581151DDC7500E59146 /* Frameworks */,
				D76A4582151DDC7500E59146 /* Resources */,
				D76A4583151DDC7500E59146 /* ShellScript */,
			);
			buildRules = (
			);
			dependencies = (
				D76A458B151DDC7500E59146 /* PBXTargetDependency */,
			);
			name = PhageTests;
			productName = PhageTests;
			productReference = D76A4585151DDC7500E59146 /* PhageTests.octest */;
			productType = "com.apple.product-type.bundle";
		};
		D7EA254A15E2EE02006081A4 /* Utils */ = {
			isa = PBXNativeTarget;
			buildConfigurationList = D7EA256915E2EE02006081A4 /* Build configuration list for PBXNativeTarget "Utils" */;
			buildPhases = (
				D7EA254715E2EE02006081A4 /* Sources */,
				D7EA254815E2EE02006081A4 /* Frameworks */,
				D7EA254915E2EE02006081A4 /* CopyFiles */,
			);
			buildRules = (
			);
			dependencies = (
			);
			name = Utils;
			productName = Utils;
			productReference = D7EA254B15E2EE02006081A4 /* libUtils.a */;
			productType = "com.apple.product-type.library.static";
		};
		D7EA255815E2EE02006081A4 /* UtilsTests */ = {
			isa = PBXNativeTarget;
			buildConfigurationList = D7EA256C15E2EE02006081A4 /* Build configuration list for PBXNativeTarget "UtilsTests" */;
			buildPhases = (
				D7EA255415E2EE02006081A4 /* Sources */,
				D7EA255515E2EE02006081A4 /* Frameworks */,
				D7EA255615E2EE02006081A4 /* Resources */,
				D7EA255715E2EE02006081A4 /* ShellScript */,
			);
			buildRules = (
			);
			dependencies = (
				D7EA255E15E2EE02006081A4 /* PBXTargetDependency */,
			);
			name = UtilsTests;
			productName = UtilsTests;
			productReference = D7EA255915E2EE02006081A4 /* UtilsTests.octest */;
			productType = "com.apple.product-type.bundle";
		};
/* End PBXNativeTarget section */

/* Begin PBXProject section */
		D76A4558151DDC7500E59146 /* Project object */ = {
			isa = PBXProject;
			attributes = {
				CLASSPREFIX = SB;
				LastUpgradeCheck = 0430;
			};
			buildConfigurationList = D76A455B151DDC7500E59146 /* Build configuration list for PBXProject "Phage" */;
			compatibilityVersion = "Xcode 3.2";
			developmentRegion = English;
			hasScannedForEncodings = 0;
			knownRegions = (
				en,
			);
			mainGroup = D76A4556151DDC7500E59146;
			productRefGroup = D76A4562151DDC7500E59146 /* Products */;
			projectDirPath = "";
			projectReferences = (
				{
					ProductGroup = D7BFA3B2151F2AD300435C97 /* Products */;
					ProjectRef = D7BFA3B2151F2AD300435C96 /* OCMock.xcodeproj */;
				},
			);
			projectRoot = "";
			targets = (
				D76A4560151DDC7500E59146 /* Phage */,
				D76A4584151DDC7500E59146 /* PhageTests */,
				D72F239715C5F248006EFE0D /* PhageModel */,
				D72F23A515C5F248006EFE0D /* PhageModelTests */,
				D7EA254A15E2EE02006081A4 /* Utils */,
				D7EA255815E2EE02006081A4 /* UtilsTests */,
			);
		};
/* End PBXProject section */

/* Begin PBXReferenceProxy section */
		D7BFA3B2151F2AD300435C99 /* OCMock.framework */ = {
			isa = PBXReferenceProxy;
			fileType = wrapper.framework;
			path = OCMock.framework;
			remoteRef = D7BFA3B2151F2AD300435C98 /* PBXContainerItemProxy */;
			sourceTree = BUILT_PRODUCTS_DIR;
		};
		D7BFA3B2151F2AD300435C9B /* OCMockTests.octest */ = {
			isa = PBXReferenceProxy;
			fileType = wrapper.cfbundle;
			path = OCMockTests.octest;
			remoteRef = D7BFA3B2151F2AD300435C9A /* PBXContainerItemProxy */;
			sourceTree = BUILT_PRODUCTS_DIR;
		};
		D7BFA3B2151F2AD300435C9D /* libOCMock.a */ = {
			isa = PBXReferenceProxy;
			fileType = archive.ar;
			path = libOCMock.a;
			remoteRef = D7BFA3B2151F2AD300435C9C /* PBXContainerItemProxy */;
			sourceTree = BUILT_PRODUCTS_DIR;
		};
/* End PBXReferenceProxy section */

/* Begin PBXResourcesBuildPhase section */
		D72F23A315C5F248006EFE0D /* Resources */ = {
			isa = PBXResourcesBuildPhase;
			buildActionMask = 2147483647;
			files = (
				D72F23B215C5F248006EFE0D /* InfoPlist.strings in Resources */,
			);
			runOnlyForDeploymentPostprocessing = 0;
		};
		D76A455F151DDC7500E59146 /* Resources */ = {
			isa = PBXResourcesBuildPhase;
			buildActionMask = 2147483647;
			files = (
				D76A4570151DDC7500E59146 /* InfoPlist.strings in Resources */,
				D76A4579151DDC7500E59146 /* MainStoryboard_iPhone.storyboard in Resources */,
				D76A457C151DDC7500E59146 /* MainStoryboard_iPad.storyboard in Resources */,
				D7BFA3B2151F2AD300435C95 /* chess-640x640.jpg in Resources */,
				D719864F155D78BB00349052 /* HowToPlay.md in Resources */,
				FB89D43C154C7D27001A0C22 /* Localizable.strings in Resources */,
				F8D04FCA15C230B8C399A63B /* SouthCircle.png in Resources */,
				F8D04027C7A00D5717B08DD6 /* SouthDiamond.png in Resources */,
				F8D04F02D027342A4E9D981E /* SouthSquare.png in Resources */,
				F8D04945DD27D4D6780F6654 /* SouthTriangle.png in Resources */,
				F8D0445D2BD787D044459010 /* NorthCircle.png in Resources */,
				F8D0458F0826F3A197156CD7 /* NorthDiamond.png in Resources */,
				F8D04D95863A93B8C25D8980 /* NorthSquare.png in Resources */,
				F8D0449FC5E399655B54BD9D /* NorthTriangle.png in Resources */,
				F8D04D437301EC2C4190B824 /* Blocked.png in Resources */,
			);
			runOnlyForDeploymentPostprocessing = 0;
		};
		D76A4582151DDC7500E59146 /* Resources */ = {
			isa = PBXResourcesBuildPhase;
			buildActionMask = 2147483647;
			files = (
				D76A4591151DDC7500E59146 /* InfoPlist.strings in Resources */,
			);
			runOnlyForDeploymentPostprocessing = 0;
		};
		D7EA255615E2EE02006081A4 /* Resources */ = {
			isa = PBXResourcesBuildPhase;
			buildActionMask = 2147483647;
			files = (
				D7EA256515E2EE02006081A4 /* InfoPlist.strings in Resources */,
			);
			runOnlyForDeploymentPostprocessing = 0;
		};
/* End PBXResourcesBuildPhase section */

/* Begin PBXShellScriptBuildPhase section */
		D72F23A415C5F248006EFE0D /* ShellScript */ = {
			isa = PBXShellScriptBuildPhase;
			buildActionMask = 2147483647;
			files = (
			);
			inputPaths = (
			);
			outputPaths = (
			);
			runOnlyForDeploymentPostprocessing = 0;
			shellPath = /bin/sh;
			shellScript = "# Run the unit tests in this test bundle.\n\"${SYSTEM_DEVELOPER_DIR}/Tools/RunUnitTests\"\n";
		};
		D76A4583151DDC7500E59146 /* ShellScript */ = {
			isa = PBXShellScriptBuildPhase;
			buildActionMask = 2147483647;
			files = (
			);
			inputPaths = (
			);
			outputPaths = (
			);
			runOnlyForDeploymentPostprocessing = 0;
			shellPath = /bin/sh;
			shellScript = "# Run the unit tests in this test bundle.\n\"${SYSTEM_DEVELOPER_DIR}/Tools/RunUnitTests\"\n";
		};
		D7EA255715E2EE02006081A4 /* ShellScript */ = {
			isa = PBXShellScriptBuildPhase;
			buildActionMask = 2147483647;
			files = (
			);
			inputPaths = (
			);
			outputPaths = (
			);
			runOnlyForDeploymentPostprocessing = 0;
			shellPath = /bin/sh;
			shellScript = "# Run the unit tests in this test bundle.\n\"${SYSTEM_DEVELOPER_DIR}/Tools/RunUnitTests\"\n";
		};
/* End PBXShellScriptBuildPhase section */

/* Begin PBXSourcesBuildPhase section */
		D72F239415C5F248006EFE0D /* Sources */ = {
			isa = PBXSourcesBuildPhase;
			buildActionMask = 2147483647;
			files = (
				FB89D43C154C7D27001A0C0E /* SBBoard.m in Sources */,
				FB89D43C154C7D27001A0C0F /* SBCircle.m in Sources */,
				FB89D43C154C7D27001A0C10 /* SBDiamond.m in Sources */,
				FB89D43C154C7D27001A0C11 /* SBDirection.m in Sources */,
				FB89D43C154C7D27001A0C12 /* SBLocation.m in Sources */,
				FB89D43C154C7D27001A0C13 /* SBMatch.m in Sources */,
				FB89D43C154C7D27001A0C14 /* SBMove.m in Sources */,
				FB89D43C154C7D27001A0C15 /* SBPiece.m in Sources */,
				FB89D43C154C7D27001A0C16 /* SBPlayer.m in Sources */,
				FB89D43C154C7D27001A0C17 /* SBSquare.m in Sources */,
				FB89D43C154C7D27001A0C18 /* SBTriangle.m in Sources */,
				FB89D43C154C7D27001A0C2E /* SBMatchService.m in Sources */,
			);
			runOnlyForDeploymentPostprocessing = 0;
		};
		D72F23A115C5F248006EFE0D /* Sources */ = {
			isa = PBXSourcesBuildPhase;
			buildActionMask = 2147483647;
			files = (
				FB89D43C154C7D27001A0C19 /* SBBoardTest.m in Sources */,
				FB89D43C154C7D27001A0C1A /* SBDirectionTest.m in Sources */,
				FB89D43C154C7D27001A0C1B /* SBLocationTest.m in Sources */,
				FB89D43C154C7D27001A0C1C /* SBMatchTest.m in Sources */,
				FB89D43C154C7D27001A0C1D /* SBMoveTest.m in Sources */,
				FB89D43C154C7D27001A0C1E /* SBPieceTest.m in Sources */,
				FB89D43C154C7D27001A0C1F /* SBPlayerTest.m in Sources */,
				FB89D43C154C7D27001A0C31 /* SBMatchServiceTest.m in Sources */,
			);
			runOnlyForDeploymentPostprocessing = 0;
		};
		D76A455D151DDC7500E59146 /* Sources */ = {
			isa = PBXSourcesBuildPhase;
			buildActionMask = 2147483647;
			files = (
				D76A4572151DDC7500E59146 /* main.m in Sources */,
				D76A4576151DDC7500E59146 /* SBAppDelegate.m in Sources */,
				D76A457F151DDC7500E59146 /* SBMatchViewController.m in Sources */,
				D7BFA3B2151F2AD300435C89 /* SBOpponentMobilityMinimisingMovePicker.m in Sources */,
				D7BFA3B2151F2AD300435C93 /* SBMatchView.m in Sources */,
				FB89D43C154C7D27001A0BA2 /* SBPieceLayer.m in Sources */,
				FB89D43C154C7D27001A0BA8 /* SBCellLayer.m in Sources */,
				FB89D43C154C7D27001A0BD0 /* SBMatchViewControllerState.m in Sources */,
				FB89D43C154C7D27001A0BD3 /* SBMatchViewControllerStateReadonly.m in Sources */,
				FB89D43C154C7D27001A0BD6 /* SBMatchViewControllerStateUnselected.m in Sources */,
				FB89D43C154C7D27001A0BD9 /* SBMatchViewControllerStateSelected.m in Sources */,
				FB89D43C154C7D27001A0BDC /* SBMatchViewControllerStateConfirm.m in Sources */,
				FB89D43C154C7D27001A0BDF /* SBMatchViewControllerStateGameOver.m in Sources */,
				FB89D43C154C7D27001A0BE2 /* SBMatchViewControllerStateHint.m in Sources */,
				FB89D43C154C7D27001A0BE5 /* SBMatchViewControllerStateDragged.m in Sources */,
				FB89D43C154C7D27001A0BF5 /* SBAnimationCompletionHandler.m in Sources */,
				FB89D43C154C7D27001A0BFC /* SBBotTurnEventHandler.m in Sources */,
				FB89D43C154C7D27001A0BFF /* SBPiece+Drawing.m in Sources */,
				FB89D43C154C7D27001A0C07 /* SBCircle+Drawing.m in Sources */,
				FB89D43C154C7D27001A0C09 /* SBDiamond+Drawing.m in Sources */,
				FB89D43C154C7D27001A0C0B /* SBSquare+Drawing.m in Sources */,
				FB89D43C154C7D27001A0C0D /* SBTriangle+Drawing.m in Sources */,
				FB89D43C154C7D27001A0C25 /* SBFlipsideViewController.m in Sources */,
				FB89D43C154C7D27001A0C28 /* SBMainViewController.m in Sources */,
				FB89D43C154C7D27001A0C2C /* SBAlertView.m in Sources */,
				D77E0C8415DD88430004EFAF /* SBMatchMakerViewController.m in Sources */,
				F8D041AEA9425524156B3DEC /* SBMatchLookupViewController.m in Sources */,
				D7DD0D2B15E4475100103EE4 /* SBBoardView.m in Sources */,
				F8D040786DB3C287CFAFE611 /* SBPieceView.m in Sources */,
				F8D04B71CF3EA739192B4BA9 /* SBCellView.m in Sources */,
			);
			runOnlyForDeploymentPostprocessing = 0;
		};
		D76A4580151DDC7500E59146 /* Sources */ = {
			isa = PBXSourcesBuildPhase;
			buildActionMask = 2147483647;
			files = (
				D7BFA3B2151F2AD300435C8C /* SBOpponentMobilityMinimisingMovePickerTest.m in Sources */,
			);
			runOnlyForDeploymentPostprocessing = 0;
		};
		D7EA254715E2EE02006081A4 /* Sources */ = {
			isa = PBXSourcesBuildPhase;
			buildActionMask = 2147483647;
			files = (
				F8D04F131B438B0F27297F54 /* NSArray+Utils.m in Sources */,
			);
			runOnlyForDeploymentPostprocessing = 0;
		};
		D7EA255415E2EE02006081A4 /* Sources */ = {
			isa = PBXSourcesBuildPhase;
			buildActionMask = 2147483647;
			files = (
				D7EA256815E2EE02006081A4 /* NSArrayUtilsTest.m in Sources */,
			);
			runOnlyForDeploymentPostprocessing = 0;
		};
/* End PBXSourcesBuildPhase section */

/* Begin PBXTargetDependency section */
		D72F23AB15C5F248006EFE0D /* PBXTargetDependency */ = {
			isa = PBXTargetDependency;
			target = D72F239715C5F248006EFE0D /* PhageModel */;
			targetProxy = D72F23AA15C5F248006EFE0D /* PBXContainerItemProxy */;
		};
		D72F243915C5F854006EFE0D /* PBXTargetDependency */ = {
			isa = PBXTargetDependency;
			name = OCMockLib;
			targetProxy = D72F243815C5F854006EFE0D /* PBXContainerItemProxy */;
		};
		D74D65BE15E3127D00A69FC0 /* PBXTargetDependency */ = {
			isa = PBXTargetDependency;
			target = D7EA255815E2EE02006081A4 /* UtilsTests */;
			targetProxy = D74D65BD15E3127D00A69FC0 /* PBXContainerItemProxy */;
		};
		D76A458B151DDC7500E59146 /* PBXTargetDependency */ = {
			isa = PBXTargetDependency;
			target = D76A4560151DDC7500E59146 /* Phage */;
			targetProxy = D76A458A151DDC7500E59146 /* PBXContainerItemProxy */;
		};
		D7AE134715C7537800B8349B /* PBXTargetDependency */ = {
			isa = PBXTargetDependency;
			target = D72F23A515C5F248006EFE0D /* PhageModelTests */;
			targetProxy = D7AE134615C7537800B8349B /* PBXContainerItemProxy */;
		};
		D7EA255E15E2EE02006081A4 /* PBXTargetDependency */ = {
			isa = PBXTargetDependency;
			target = D7EA254A15E2EE02006081A4 /* Utils */;
			targetProxy = D7EA255D15E2EE02006081A4 /* PBXContainerItemProxy */;
		};
		D7EA257315E2EEDA006081A4 /* PBXTargetDependency */ = {
			isa = PBXTargetDependency;
			target = D7EA255815E2EE02006081A4 /* UtilsTests */;
			targetProxy = D7EA257215E2EEDA006081A4 /* PBXContainerItemProxy */;
		};
/* End PBXTargetDependency section */

/* Begin PBXVariantGroup section */
		D719864D155D78BB00349052 /* HowToPlay.md */ = {
			isa = PBXVariantGroup;
			children = (
				D719864E155D78BB00349052 /* HowToPlay.md */,
			);
			name = HowToPlay.md;
			sourceTree = "<group>";
		};
		D72F23B015C5F248006EFE0D /* InfoPlist.strings */ = {
			isa = PBXVariantGroup;
			children = (
				D72F23B115C5F248006EFE0D /* en */,
			);
			name = InfoPlist.strings;
			sourceTree = "<group>";
		};
		D76A456E151DDC7500E59146 /* InfoPlist.strings */ = {
			isa = PBXVariantGroup;
			children = (
				D76A456F151DDC7500E59146 /* en */,
			);
			name = InfoPlist.strings;
			sourceTree = "<group>";
		};
		D76A4577151DDC7500E59146 /* MainStoryboard_iPhone.storyboard */ = {
			isa = PBXVariantGroup;
			children = (
				D76A4578151DDC7500E59146 /* en */,
			);
			name = MainStoryboard_iPhone.storyboard;
			sourceTree = "<group>";
		};
		D76A457A151DDC7500E59146 /* MainStoryboard_iPad.storyboard */ = {
			isa = PBXVariantGroup;
			children = (
				D76A457B151DDC7500E59146 /* en */,
			);
			name = MainStoryboard_iPad.storyboard;
			sourceTree = "<group>";
		};
		D76A458F151DDC7500E59146 /* InfoPlist.strings */ = {
			isa = PBXVariantGroup;
			children = (
				D76A4590151DDC7500E59146 /* en */,
			);
			name = InfoPlist.strings;
			sourceTree = "<group>";
		};
		D7EA256315E2EE02006081A4 /* InfoPlist.strings */ = {
			isa = PBXVariantGroup;
			children = (
				D7EA256415E2EE02006081A4 /* en */,
			);
			name = InfoPlist.strings;
			sourceTree = "<group>";
		};
		FB89D43C154C7D27001A0C21 /* Localizable.strings */ = {
			isa = PBXVariantGroup;
			children = (
				FB89D43C154C7D27001A0C20 /* Localizable.strings */,
			);
			name = Localizable.strings;
			sourceTree = "<group>";
		};
/* End PBXVariantGroup section */

/* Begin XCBuildConfiguration section */
		D72F23B715C5F248006EFE0D /* Debug */ = {
			isa = XCBuildConfiguration;
			buildSettings = {
				CLANG_CXX_LANGUAGE_STANDARD = "gnu++0x";
				CLANG_WARN__DUPLICATE_METHOD_MATCH = YES;
				DSTROOT = /tmp/PhageModel.dst;
				GCC_PRECOMPILE_PREFIX_HEADER = YES;
				GCC_PREFIX_HEADER = "PhageModel/PhageModel-Prefix.pch";
				IPHONEOS_DEPLOYMENT_TARGET = 5.1;
				OTHER_LDFLAGS = "-ObjC";
				PRODUCT_NAME = "$(TARGET_NAME)";
				SKIP_INSTALL = YES;
			};
			name = Debug;
		};
		D72F23B815C5F248006EFE0D /* Release */ = {
			isa = XCBuildConfiguration;
			buildSettings = {
				CLANG_CXX_LANGUAGE_STANDARD = "gnu++0x";
				CLANG_WARN__DUPLICATE_METHOD_MATCH = YES;
				DSTROOT = /tmp/PhageModel.dst;
				GCC_PRECOMPILE_PREFIX_HEADER = YES;
				GCC_PREFIX_HEADER = "PhageModel/PhageModel-Prefix.pch";
				IPHONEOS_DEPLOYMENT_TARGET = 5.1;
				OTHER_LDFLAGS = "-ObjC";
				PRODUCT_NAME = "$(TARGET_NAME)";
				SKIP_INSTALL = YES;
			};
			name = Release;
		};
		D72F23BA15C5F248006EFE0D /* Debug */ = {
			isa = XCBuildConfiguration;
			buildSettings = {
				CLANG_CXX_LANGUAGE_STANDARD = "gnu++0x";
				CLANG_WARN__DUPLICATE_METHOD_MATCH = YES;
				FRAMEWORK_SEARCH_PATHS = (
					"\"$(SDKROOT)/Developer/Library/Frameworks\"",
					"\"$(DEVELOPER_LIBRARY_DIR)/Frameworks\"",
				);
				GCC_PRECOMPILE_PREFIX_HEADER = YES;
				GCC_PREFIX_HEADER = "PhageModel/PhageModel-Prefix.pch";
				HEADER_SEARCH_PATHS = "${PROJECT_DIR}/libs/ocmock/Source/";
				INFOPLIST_FILE = "PhageModelTests/PhageModelTests-Info.plist";
				IPHONEOS_DEPLOYMENT_TARGET = 5.1;
				OTHER_LDFLAGS = (
					"-all_load",
					"-ObjC",
				);
				PRODUCT_NAME = "$(TARGET_NAME)";
				WRAPPER_EXTENSION = octest;
			};
			name = Debug;
		};
		D72F23BB15C5F248006EFE0D /* Release */ = {
			isa = XCBuildConfiguration;
			buildSettings = {
				CLANG_CXX_LANGUAGE_STANDARD = "gnu++0x";
				CLANG_WARN__DUPLICATE_METHOD_MATCH = YES;
				FRAMEWORK_SEARCH_PATHS = (
					"\"$(SDKROOT)/Developer/Library/Frameworks\"",
					"\"$(DEVELOPER_LIBRARY_DIR)/Frameworks\"",
				);
				GCC_PRECOMPILE_PREFIX_HEADER = YES;
				GCC_PREFIX_HEADER = "PhageModel/PhageModel-Prefix.pch";
				HEADER_SEARCH_PATHS = "${PROJECT_DIR}/libs/ocmock/Source/";
				INFOPLIST_FILE = "PhageModelTests/PhageModelTests-Info.plist";
				IPHONEOS_DEPLOYMENT_TARGET = 5.1;
				OTHER_LDFLAGS = (
					"-all_load",
					"-ObjC",
				);
				PRODUCT_NAME = "$(TARGET_NAME)";
				WRAPPER_EXTENSION = octest;
			};
			name = Release;
		};
		D76A4595151DDC7500E59146 /* Debug */ = {
			isa = XCBuildConfiguration;
			buildSettings = {
				ALWAYS_SEARCH_USER_PATHS = NO;
				ARCHS = "$(ARCHS_STANDARD_32_BIT)";
				CLANG_ENABLE_OBJC_ARC = YES;
				CODE_SIGN_IDENTITY = "iPhone Developer";
				"CODE_SIGN_IDENTITY[sdk=iphoneos*]" = "iPhone Developer";
				COPY_PHASE_STRIP = NO;
				GCC_C_LANGUAGE_STANDARD = gnu99;
				GCC_DYNAMIC_NO_PIC = NO;
				GCC_OPTIMIZATION_LEVEL = 0;
				GCC_PREPROCESSOR_DEFINITIONS = (
					"DEBUG=1",
					"$(inherited)",
				);
				GCC_SYMBOLS_PRIVATE_EXTERN = NO;
				GCC_VERSION = com.apple.compilers.llvm.clang.1_0;
				GCC_WARN_ABOUT_RETURN_TYPE = YES;
				GCC_WARN_UNINITIALIZED_AUTOS = YES;
				GCC_WARN_UNUSED_VARIABLE = YES;
				IPHONEOS_DEPLOYMENT_TARGET = 5.0;
				PROVISIONING_PROFILE = "";
				SDKROOT = iphoneos;
				TARGETED_DEVICE_FAMILY = "1,2";
			};
			name = Debug;
		};
		D76A4596151DDC7500E59146 /* Release */ = {
			isa = XCBuildConfiguration;
			buildSettings = {
				ALWAYS_SEARCH_USER_PATHS = NO;
				ARCHS = "$(ARCHS_STANDARD_32_BIT)";
				CLANG_ENABLE_OBJC_ARC = YES;
				CODE_SIGN_IDENTITY = "iPhone Distribution: Stig Brautaset";
				"CODE_SIGN_IDENTITY[sdk=iphoneos*]" = "iPhone Developer";
				COPY_PHASE_STRIP = YES;
				GCC_C_LANGUAGE_STANDARD = gnu99;
				GCC_VERSION = com.apple.compilers.llvm.clang.1_0;
				GCC_WARN_ABOUT_RETURN_TYPE = YES;
				GCC_WARN_UNINITIALIZED_AUTOS = YES;
				GCC_WARN_UNUSED_VARIABLE = YES;
				IPHONEOS_DEPLOYMENT_TARGET = 5.0;
				OTHER_CFLAGS = "-DNS_BLOCK_ASSERTIONS=1";
				PROVISIONING_PROFILE = "DD3E3DAC-959D-46E0-A4AD-5D31B92EF646";
				SDKROOT = iphoneos;
				TARGETED_DEVICE_FAMILY = "1,2";
				VALIDATE_PRODUCT = YES;
			};
			name = Release;
		};
		D76A4598151DDC7500E59146 /* Debug */ = {
			isa = XCBuildConfiguration;
			buildSettings = {
				GCC_PRECOMPILE_PREFIX_HEADER = YES;
				GCC_PREFIX_HEADER = "Phage/Phage-Prefix.pch";
				HEADER_SEARCH_PATHS = "${PROJECT_DIR}/libs/TestFlight";
				INFOPLIST_FILE = "Phage/Phage-Info.plist";
				LIBRARY_SEARCH_PATHS = (
					"$(inherited)",
					"\"$(SRCROOT)/libs/TestFlight\"",
				);
				OTHER_LDFLAGS = "-ObjC";
				PRODUCT_NAME = "$(TARGET_NAME)";
				WRAPPER_EXTENSION = app;
			};
			name = Debug;
		};
		D76A4599151DDC7500E59146 /* Release */ = {
			isa = XCBuildConfiguration;
			buildSettings = {
				GCC_PRECOMPILE_PREFIX_HEADER = YES;
				GCC_PREFIX_HEADER = "Phage/Phage-Prefix.pch";
				HEADER_SEARCH_PATHS = "${PROJECT_DIR}/libs/TestFlight";
				INFOPLIST_FILE = "Phage/Phage-Info.plist";
				LIBRARY_SEARCH_PATHS = (
					"$(inherited)",
					"\"$(SRCROOT)/libs/TestFlight\"",
				);
				OTHER_LDFLAGS = "-ObjC";
				PRODUCT_NAME = "$(TARGET_NAME)";
				WRAPPER_EXTENSION = app;
			};
			name = Release;
		};
		D76A459B151DDC7500E59146 /* Debug */ = {
			isa = XCBuildConfiguration;
			buildSettings = {
				BUNDLE_LOADER = "$(BUILT_PRODUCTS_DIR)/Phage.app/Phage";
				FRAMEWORK_SEARCH_PATHS = (
					"$(SDKROOT)/Developer/Library/Frameworks",
					"$(DEVELOPER_LIBRARY_DIR)/Frameworks",
				);
				GCC_PRECOMPILE_PREFIX_HEADER = YES;
				GCC_PREFIX_HEADER = "Phage/Phage-Prefix.pch";
				INFOPLIST_FILE = "PhageTests/PhageTests-Info.plist";
				PRODUCT_NAME = "$(TARGET_NAME)";
				TEST_HOST = "$(BUNDLE_LOADER)";
				USER_HEADER_SEARCH_PATHS = "${PROJECT_DIR}/libs/TestFlight";
				WRAPPER_EXTENSION = octest;
			};
			name = Debug;
		};
		D76A459C151DDC7500E59146 /* Release */ = {
			isa = XCBuildConfiguration;
			buildSettings = {
				BUNDLE_LOADER = "$(BUILT_PRODUCTS_DIR)/Phage.app/Phage";
				FRAMEWORK_SEARCH_PATHS = (
					"$(SDKROOT)/Developer/Library/Frameworks",
					"$(DEVELOPER_LIBRARY_DIR)/Frameworks",
				);
				GCC_PRECOMPILE_PREFIX_HEADER = YES;
				GCC_PREFIX_HEADER = "Phage/Phage-Prefix.pch";
				INFOPLIST_FILE = "PhageTests/PhageTests-Info.plist";
				PRODUCT_NAME = "$(TARGET_NAME)";
				TEST_HOST = "$(BUNDLE_LOADER)";
				USER_HEADER_SEARCH_PATHS = "${PROJECT_DIR}/libs/TestFlight";
				WRAPPER_EXTENSION = octest;
			};
			name = Release;
		};
		D7EA256A15E2EE02006081A4 /* Debug */ = {
			isa = XCBuildConfiguration;
			buildSettings = {
				CLANG_CXX_LANGUAGE_STANDARD = "gnu++0x";
				CLANG_CXX_LIBRARY = "libc++";
				CLANG_WARN__DUPLICATE_METHOD_MATCH = YES;
				DSTROOT = /tmp/Utils.dst;
				GCC_PRECOMPILE_PREFIX_HEADER = YES;
				GCC_PREFIX_HEADER = "Utils/Utils-Prefix.pch";
				IPHONEOS_DEPLOYMENT_TARGET = 6.0;
				OTHER_LDFLAGS = "-ObjC";
				PRODUCT_NAME = "$(TARGET_NAME)";
				SKIP_INSTALL = YES;
			};
			name = Debug;
		};
		D7EA256B15E2EE02006081A4 /* Release */ = {
			isa = XCBuildConfiguration;
			buildSettings = {
				CLANG_CXX_LANGUAGE_STANDARD = "gnu++0x";
				CLANG_CXX_LIBRARY = "libc++";
				CLANG_WARN__DUPLICATE_METHOD_MATCH = YES;
				DSTROOT = /tmp/Utils.dst;
				GCC_PRECOMPILE_PREFIX_HEADER = YES;
				GCC_PREFIX_HEADER = "Utils/Utils-Prefix.pch";
				IPHONEOS_DEPLOYMENT_TARGET = 6.0;
				OTHER_LDFLAGS = "-ObjC";
				PRODUCT_NAME = "$(TARGET_NAME)";
				SKIP_INSTALL = YES;
			};
			name = Release;
		};
		D7EA256D15E2EE02006081A4 /* Debug */ = {
			isa = XCBuildConfiguration;
			buildSettings = {
				CLANG_CXX_LANGUAGE_STANDARD = "gnu++0x";
				CLANG_CXX_LIBRARY = "libc++";
				CLANG_WARN__DUPLICATE_METHOD_MATCH = YES;
				FRAMEWORK_SEARCH_PATHS = (
					"\"$(SDKROOT)/Developer/Library/Frameworks\"",
					"\"$(DEVELOPER_LIBRARY_DIR)/Frameworks\"",
				);
				GCC_PRECOMPILE_PREFIX_HEADER = YES;
				GCC_PREFIX_HEADER = "Utils/Utils-Prefix.pch";
				INFOPLIST_FILE = "UtilsTests/UtilsTests-Info.plist";
				IPHONEOS_DEPLOYMENT_TARGET = 6.0;
				OTHER_LDFLAGS = "-ObjC";
				PRODUCT_NAME = "$(TARGET_NAME)";
				WRAPPER_EXTENSION = octest;
			};
			name = Debug;
		};
		D7EA256E15E2EE02006081A4 /* Release */ = {
			isa = XCBuildConfiguration;
			buildSettings = {
				CLANG_CXX_LANGUAGE_STANDARD = "gnu++0x";
				CLANG_CXX_LIBRARY = "libc++";
				CLANG_WARN__DUPLICATE_METHOD_MATCH = YES;
				FRAMEWORK_SEARCH_PATHS = (
					"\"$(SDKROOT)/Developer/Library/Frameworks\"",
					"\"$(DEVELOPER_LIBRARY_DIR)/Frameworks\"",
				);
				GCC_PRECOMPILE_PREFIX_HEADER = YES;
				GCC_PREFIX_HEADER = "Utils/Utils-Prefix.pch";
				INFOPLIST_FILE = "UtilsTests/UtilsTests-Info.plist";
				IPHONEOS_DEPLOYMENT_TARGET = 6.0;
				OTHER_LDFLAGS = "-ObjC";
				PRODUCT_NAME = "$(TARGET_NAME)";
				WRAPPER_EXTENSION = octest;
			};
			name = Release;
		};
/* End XCBuildConfiguration section */

/* Begin XCConfigurationList section */
		D72F23B615C5F248006EFE0D /* Build configuration list for PBXNativeTarget "PhageModel" */ = {
			isa = XCConfigurationList;
			buildConfigurations = (
				D72F23B715C5F248006EFE0D /* Debug */,
				D72F23B815C5F248006EFE0D /* Release */,
			);
			defaultConfigurationIsVisible = 0;
			defaultConfigurationName = Release;
		};
		D72F23B915C5F248006EFE0D /* Build configuration list for PBXNativeTarget "PhageModelTests" */ = {
			isa = XCConfigurationList;
			buildConfigurations = (
				D72F23BA15C5F248006EFE0D /* Debug */,
				D72F23BB15C5F248006EFE0D /* Release */,
			);
			defaultConfigurationIsVisible = 0;
			defaultConfigurationName = Release;
		};
		D76A455B151DDC7500E59146 /* Build configuration list for PBXProject "Phage" */ = {
			isa = XCConfigurationList;
			buildConfigurations = (
				D76A4595151DDC7500E59146 /* Debug */,
				D76A4596151DDC7500E59146 /* Release */,
			);
			defaultConfigurationIsVisible = 0;
			defaultConfigurationName = Release;
		};
		D76A4597151DDC7500E59146 /* Build configuration list for PBXNativeTarget "Phage" */ = {
			isa = XCConfigurationList;
			buildConfigurations = (
				D76A4598151DDC7500E59146 /* Debug */,
				D76A4599151DDC7500E59146 /* Release */,
			);
			defaultConfigurationIsVisible = 0;
			defaultConfigurationName = Release;
		};
		D76A459A151DDC7500E59146 /* Build configuration list for PBXNativeTarget "PhageTests" */ = {
			isa = XCConfigurationList;
			buildConfigurations = (
				D76A459B151DDC7500E59146 /* Debug */,
				D76A459C151DDC7500E59146 /* Release */,
			);
			defaultConfigurationIsVisible = 0;
			defaultConfigurationName = Release;
		};
		D7EA256915E2EE02006081A4 /* Build configuration list for PBXNativeTarget "Utils" */ = {
			isa = XCConfigurationList;
			buildConfigurations = (
				D7EA256A15E2EE02006081A4 /* Debug */,
				D7EA256B15E2EE02006081A4 /* Release */,
			);
			defaultConfigurationIsVisible = 0;
			defaultConfigurationName = Release;
		};
		D7EA256C15E2EE02006081A4 /* Build configuration list for PBXNativeTarget "UtilsTests" */ = {
			isa = XCConfigurationList;
			buildConfigurations = (
				D7EA256D15E2EE02006081A4 /* Debug */,
				D7EA256E15E2EE02006081A4 /* Release */,
			);
			defaultConfigurationIsVisible = 0;
			defaultConfigurationName = Release;
		};
/* End XCConfigurationList section */
	};
	rootObject = D76A4558151DDC7500E59146 /* Project object */;
}
